<?xml version="1.0" encoding="UTF-8" standalone="yes" ?>
<CodeBlocks_project_file>
	<FileVersion major="1" minor="6" />
	<Project>
		<Option title="wp43s" />
		<Option pch_mode="2" />
		<Option compiler="gcc" />
		<Build>
			<Target title="wp43s">
				<Option output="bin/Release/wp43s" prefix_auto="1" extension_auto="1" />
				<Option object_output="obj/Release/" />
				<Option type="1" />
				<Option compiler="gcc" />
				<Compiler>
					<Add option="-fomit-frame-pointer" />
					<Add option="-O2" />
				</Compiler>
				<Linker>
					<Add option="-s" />
					<Add option="`pkg-config gtk+-3.0 --libs`" />
				</Linker>
			</Target>
			<Target title="wp43s_debug">
				<Option output="bin/Debug/wp43s" prefix_auto="1" extension_auto="1" />
				<Option object_output="obj/Debug/" />
				<Option type="1" />
				<Option compiler="gcc" />
				<Compiler>
					<Add option="-g" />
				</Compiler>
				<Linker>
					<Add option="`pkg-config gtk+-3.0 --libs`" />
				</Linker>
			</Target>
			<Target title="generateConstants">
				<Option output="bin/Debug/generateConstants" prefix_auto="1" extension_auto="1" />
				<Option working_dir="/home/martin/Martin/developpement/codeblocks/applications/wp43s" />
				<Option object_output="obj/Debug/" />
				<Option type="1" />
				<Option compiler="gcc" />
				<Compiler>
					<Add option="-g" />
				</Compiler>
			</Target>
			<Target title="ttf2RasterFonts">
				<Option output="bin/Debug/ttf2RasterFonts" prefix_auto="1" extension_auto="1" />
				<Option working_dir="/home/martin/Martin/developpement/codeblocks/applications/wp43s" />
				<Option object_output="obj/Debug/" />
				<Option type="1" />
				<Option compiler="gcc" />
				<Compiler>
					<Add option="-g" />
					<Add option="`pkg-config --cflags freetype2`" />
				</Compiler>
				<Linker>
					<Add option="`pkg-config --libs freetype2`" />
				</Linker>
			</Target>
			<Target title="testTtf2RasterFonts">
				<Option output="bin/Debug/testTtf2RasterFonts" prefix_auto="1" extension_auto="1" />
				<Option working_dir="/home/martin/Martin/developpement/codeblocks/applications/wp43s" />
				<Option object_output="obj/Debug/" />
				<Option type="1" />
				<Option compiler="gcc" />
				<Compiler>
					<Add option="-g" />
				</Compiler>
			</Target>
			<Target title="testSuite">
				<Option output="bin/Release/wp43s" prefix_auto="1" extension_auto="1" />
				<Option object_output="obj/Release/" />
				<Option type="1" />
				<Option compiler="gcc" />
				<Compiler>
					<Add option="-g" />
					<Add option="-DTESTSUITE_BUILD" />
					<Add directory="src/testSuite" />
				</Compiler>
				<Linker>
					<Add option="`pkg-config gtk+-3.0 --libs`" />
				</Linker>
			</Target>
		</Build>
		<VirtualTargets>
			<Add alias="All" targets="wp43s;wp43s_debug;testTtf2RasterFonts;ttf2RasterFonts;" />
		</VirtualTargets>
		<Compiler>
			<Add option="-march=nocona" />
			<Add option="-Wextra" />
			<Add option="-Wall" />
			<Add option="-std=c11" />
			<Add option="-m64" />
			<Add option="-funsigned-bitfields" />
			<Add option="-fshort-enums" />
			<Add option="`pkg-config gtk+-3.0 --cflags`" />
			<Add option="-DPC_BUILD" />
			<Add option="-DTFM_NO_ASM" />
			<Add directory="decNumberICU" />
			<Add directory="DMCP" />
			<Add directory="src/wp43s" />
		</Compiler>
		<Linker>
			<Add option="-m64" />
		</Linker>
		<Unit filename="COPYING">
			<Option target="&lt;{~None~}&gt;" />
		</Unit>
		<Unit filename="decNumberICU/decContext.c">
			<Option compilerVar="CC" />
			<Option target="wp43s" />
			<Option target="wp43s_debug" />
			<Option target="generateConstants" />
			<Option target="testSuite" />
		</Unit>
		<Unit filename="decNumberICU/decDouble.c">
			<Option compilerVar="CC" />
			<Option target="wp43s" />
			<Option target="wp43s_debug" />
			<Option target="generateConstants" />
			<Option target="testSuite" />
		</Unit>
		<Unit filename="decNumberICU/decDouble.h">
			<Option target="wp43s" />
			<Option target="wp43s_debug" />
			<Option target="generateConstants" />
			<Option target="testSuite" />
		</Unit>
		<Unit filename="decNumberICU/decNumber.c">
			<Option compilerVar="CC" />
			<Option target="wp43s" />
			<Option target="wp43s_debug" />
			<Option target="generateConstants" />
			<Option target="testSuite" />
		</Unit>
		<Unit filename="decNumberICU/decNumber.h">
			<Option target="wp43s" />
			<Option target="wp43s_debug" />
			<Option target="generateConstants" />
			<Option target="testSuite" />
		</Unit>
		<Unit filename="decNumberICU/decQuad.c">
			<Option compilerVar="CC" />
			<Option target="wp43s" />
			<Option target="wp43s_debug" />
			<Option target="generateConstants" />
			<Option target="testSuite" />
		</Unit>
		<Unit filename="decNumberICU/decQuad.h">
			<Option target="wp43s" />
			<Option target="wp43s_debug" />
			<Option target="generateConstants" />
			<Option target="testSuite" />
		</Unit>
		<Unit filename="decNumberICU/decimal128.c">
			<Option compilerVar="CC" />
			<Option target="wp43s" />
			<Option target="wp43s_debug" />
			<Option target="testSuite" />
		</Unit>
		<Unit filename="decNumberICU/decimal128.h">
			<Option target="wp43s" />
			<Option target="wp43s_debug" />
			<Option target="generateConstants" />
			<Option target="testSuite" />
		</Unit>
		<Unit filename="decNumberICU/decimal64.c">
			<Option compilerVar="CC" />
			<Option target="wp43s" />
			<Option target="wp43s_debug" />
			<Option target="testSuite" />
		</Unit>
		<Unit filename="decNumberICU/decimal64.h">
			<Option target="wp43s" />
			<Option target="wp43s_debug" />
			<Option target="generateConstants" />
			<Option target="testSuite" />
		</Unit>
		<Unit filename="fonts/Font changes.txt">
			<Option target="ttf2RasterFonts" />
		</Unit>
		<Unit filename="src/generateConstants/generateConstants.c">
			<Option compilerVar="CC" />
			<Option target="generateConstants" />
		</Unit>
		<Unit filename="src/testSuite/testSuite.c">
			<Option compilerVar="CC" />
			<Option target="testSuite" />
		</Unit>
		<Unit filename="src/testSuite/testSuite.h">
			<Option target="testSuite" />
		</Unit>
		<Unit filename="src/testSuite/testSuite.txt">
			<Option target="testSuite" />
		</Unit>
		<Unit filename="src/ttf2RasterFonts/testTtf2RasterFonts.c">
			<Option compilerVar="CC" />
			<Option target="testTtf2RasterFonts" />
		</Unit>
		<Unit filename="src/ttf2RasterFonts/ttf2RasterFonts.c">
			<Option compilerVar="CC" />
			<Option target="ttf2RasterFonts" />
		</Unit>
		<Unit filename="src/wp43s/assign.c">
			<Option compilerVar="CC" />
			<Option target="wp43s" />
			<Option target="wp43s_debug" />
			<Option target="testSuite" />
		</Unit>
		<Unit filename="src/wp43s/assign.h">
			<Option target="wp43s" />
			<Option target="wp43s_debug" />
			<Option target="testSuite" />
		</Unit>
		<Unit filename="src/wp43s/browsers/browsers.h">
			<Option target="wp43s" />
			<Option target="wp43s_debug" />
			<Option target="testSuite" />
		</Unit>
		<Unit filename="src/wp43s/browsers/flagBrowser.c">
			<Option compilerVar="CC" />
			<Option target="wp43s" />
			<Option target="wp43s_debug" />
			<Option target="testSuite" />
		</Unit>
		<Unit filename="src/wp43s/browsers/flagBrowser.h">
			<Option target="wp43s" />
			<Option target="wp43s_debug" />
			<Option target="testSuite" />
		</Unit>
		<Unit filename="src/wp43s/browsers/fontBrowser.c">
			<Option compilerVar="CC" />
			<Option target="wp43s" />
			<Option target="wp43s_debug" />
			<Option target="testSuite" />
		</Unit>
		<Unit filename="src/wp43s/browsers/fontBrowser.h">
			<Option target="wp43s" />
			<Option target="wp43s_debug" />
			<Option target="testSuite" />
		</Unit>
		<Unit filename="src/wp43s/browsers/registerBrowser.c">
			<Option compilerVar="CC" />
			<Option target="wp43s" />
			<Option target="wp43s_debug" />
			<Option target="testSuite" />
		</Unit>
		<Unit filename="src/wp43s/browsers/registerBrowser.h">
			<Option target="wp43s" />
			<Option target="wp43s_debug" />
			<Option target="testSuite" />
		</Unit>
		<Unit filename="src/wp43s/bufferize.c">
			<Option compilerVar="CC" />
			<Option target="wp43s" />
			<Option target="wp43s_debug" />
			<Option target="testSuite" />
		</Unit>
		<Unit filename="src/wp43s/bufferize.h">
			<Option target="wp43s" />
			<Option target="wp43s_debug" />
			<Option target="testSuite" />
		</Unit>
		<Unit filename="src/wp43s/charString.c">
			<Option compilerVar="CC" />
			<Option target="wp43s" />
			<Option target="wp43s_debug" />
			<Option target="testSuite" />
		</Unit>
		<Unit filename="src/wp43s/charString.h">
			<Option target="wp43s" />
			<Option target="wp43s_debug" />
			<Option target="testSuite" />
		</Unit>
		<Unit filename="src/wp43s/config.c">
			<Option compilerVar="CC" />
			<Option target="wp43s" />
			<Option target="wp43s_debug" />
			<Option target="testSuite" />
		</Unit>
		<Unit filename="src/wp43s/config.h">
			<Option target="wp43s" />
			<Option target="wp43s_debug" />
			<Option target="testSuite" />
		</Unit>
		<Unit filename="src/wp43s/constantPointers.c">
			<Option compilerVar="CC" />
			<Option target="wp43s" />
			<Option target="wp43s_debug" />
			<Option target="testSuite" />
		</Unit>
		<Unit filename="src/wp43s/constantPointers.h">
			<Option target="wp43s" />
			<Option target="wp43s_debug" />
			<Option target="testSuite" />
		</Unit>
		<Unit filename="src/wp43s/constants.c">
			<Option compilerVar="CC" />
			<Option target="wp43s" />
			<Option target="wp43s_debug" />
			<Option target="testSuite" />
		</Unit>
		<Unit filename="src/wp43s/constants.h">
			<Option target="wp43s" />
			<Option target="wp43s_debug" />
			<Option target="testSuite" />
		</Unit>
		<Unit filename="src/wp43s/conversionAngles.c">
			<Option compilerVar="CC" />
			<Option target="wp43s" />
			<Option target="wp43s_debug" />
			<Option target="testSuite" />
		</Unit>
		<Unit filename="src/wp43s/conversionAngles.h">
			<Option target="wp43s" />
			<Option target="wp43s_debug" />
			<Option target="testSuite" />
		</Unit>
		<Unit filename="src/wp43s/conversionUnits.c">
			<Option compilerVar="CC" />
			<Option target="wp43s" />
			<Option target="wp43s_debug" />
			<Option target="testSuite" />
		</Unit>
		<Unit filename="src/wp43s/conversionUnits.h">
			<Option target="wp43s" />
			<Option target="wp43s_debug" />
			<Option target="testSuite" />
		</Unit>
		<Unit filename="src/wp43s/curveFitting.c">
			<Option compilerVar="CC" />
			<Option target="wp43s" />
			<Option target="wp43s_debug" />
			<Option target="testSuite" />
		</Unit>
		<Unit filename="src/wp43s/curveFitting.h">
			<Option target="wp43s" />
			<Option target="wp43s_debug" />
			<Option target="testSuite" />
		</Unit>
		<Unit filename="src/wp43s/dateTime.c">
			<Option compilerVar="CC" />
			<Option target="wp43s" />
			<Option target="wp43s_debug" />
			<Option target="testSuite" />
		</Unit>
		<Unit filename="src/wp43s/dateTime.h">
			<Option target="wp43s" />
			<Option target="wp43s_debug" />
			<Option target="testSuite" />
		</Unit>
		<Unit filename="src/wp43s/debug.c">
			<Option compilerVar="CC" />
			<Option target="wp43s" />
			<Option target="wp43s_debug" />
			<Option target="testSuite" />
		</Unit>
		<Unit filename="src/wp43s/debug.h">
			<Option target="wp43s" />
			<Option target="wp43s_debug" />
			<Option target="testSuite" />
		</Unit>
		<Unit filename="src/wp43s/decNumberWrappers.h">
			<Option target="wp43s" />
			<Option target="wp43s_debug" />
			<Option target="generateConstants" />
			<Option target="testSuite" />
		</Unit>
		<Unit filename="src/wp43s/display.c">
			<Option compilerVar="CC" />
			<Option target="wp43s" />
			<Option target="wp43s_debug" />
			<Option target="testSuite" />
		</Unit>
		<Unit filename="src/wp43s/display.h">
			<Option target="wp43s" />
			<Option target="wp43s_debug" />
			<Option target="testSuite" />
		</Unit>
		<Unit filename="src/wp43s/error.c">
			<Option compilerVar="CC" />
			<Option target="wp43s" />
			<Option target="wp43s_debug" />
			<Option target="testSuite" />
		</Unit>
		<Unit filename="src/wp43s/error.h">
			<Option target="wp43s" />
			<Option target="wp43s_debug" />
			<Option target="testSuite" />
		</Unit>
		<Unit filename="src/wp43s/flags.c">
			<Option compilerVar="CC" />
			<Option target="wp43s" />
			<Option target="wp43s_debug" />
			<Option target="testSuite" />
		</Unit>
		<Unit filename="src/wp43s/flags.h">
			<Option target="wp43s" />
			<Option target="wp43s_debug" />
			<Option target="testSuite" />
		</Unit>
		<Unit filename="src/wp43s/fonts.c">
			<Option compilerVar="CC" />
			<Option target="wp43s" />
			<Option target="wp43s_debug" />
			<Option target="testSuite" />
		</Unit>
		<Unit filename="src/wp43s/fonts.h">
			<Option target="wp43s" />
			<Option target="wp43s_debug" />
			<Option target="testSuite" />
		</Unit>
		<Unit filename="src/wp43s/fractions.c">
			<Option compilerVar="CC" />
			<Option target="wp43s" />
			<Option target="wp43s_debug" />
			<Option target="testSuite" />
		</Unit>
		<Unit filename="src/wp43s/fractions.h">
			<Option target="wp43s" />
			<Option target="wp43s_debug" />
			<Option target="testSuite" />
		</Unit>
		<Unit filename="src/wp43s/gui.c">
			<Option compilerVar="CC" />
			<Option target="wp43s" />
			<Option target="wp43s_debug" />
			<Option target="testSuite" />
		</Unit>
		<Unit filename="src/wp43s/gui.h">
			<Option target="wp43s" />
			<Option target="wp43s_debug" />
			<Option target="testSuite" />
		</Unit>
		<Unit filename="src/wp43s/integers.c">
			<Option compilerVar="CC" />
			<Option target="wp43s" />
			<Option target="wp43s_debug" />
			<Option target="testSuite" />
		</Unit>
		<Unit filename="src/wp43s/integers.h">
			<Option target="wp43s" />
			<Option target="wp43s_debug" />
			<Option target="testSuite" />
		</Unit>
		<Unit filename="src/wp43s/items.c">
			<Option compilerVar="CC" />
			<Option target="wp43s" />
			<Option target="wp43s_debug" />
			<Option target="testSuite" />
		</Unit>
		<Unit filename="src/wp43s/items.h">
			<Option target="wp43s" />
			<Option target="wp43s_debug" />
			<Option target="testSuite" />
		</Unit>
		<Unit filename="src/wp43s/keyboard.c">
			<Option compilerVar="CC" />
			<Option target="wp43s" />
			<Option target="wp43s_debug" />
			<Option target="testSuite" />
		</Unit>
		<Unit filename="src/wp43s/keyboard.h">
			<Option target="wp43s" />
			<Option target="wp43s_debug" />
			<Option target="testSuite" />
		</Unit>
		<Unit filename="src/wp43s/logicalOps/logicalOps.h">
			<Option target="wp43s" />
			<Option target="wp43s_debug" />
			<Option target="testSuite" />
		</Unit>
		<Unit filename="src/wp43s/logicalOps/not.c">
			<Option compilerVar="CC" />
			<Option target="wp43s" />
			<Option target="wp43s_debug" />
			<Option target="testSuite" />
		</Unit>
		<Unit filename="src/wp43s/logicalOps/not.h">
			<Option target="wp43s" />
			<Option target="wp43s_debug" />
			<Option target="testSuite" />
		</Unit>
		<Unit filename="src/wp43s/mathematics/10pow.c">
			<Option compilerVar="CC" />
			<Option target="wp43s" />
			<Option target="wp43s_debug" />
			<Option target="testSuite" />
		</Unit>
		<Unit filename="src/wp43s/mathematics/10pow.h">
			<Option target="wp43s" />
			<Option target="wp43s_debug" />
			<Option target="testSuite" />
		</Unit>
		<Unit filename="src/wp43s/mathematics/2pow.c">
			<Option compilerVar="CC" />
			<Option target="wp43s" />
			<Option target="wp43s_debug" />
			<Option target="testSuite" />
		</Unit>
		<Unit filename="src/wp43s/mathematics/2pow.h">
			<Option target="wp43s" />
			<Option target="wp43s_debug" />
			<Option target="testSuite" />
		</Unit>
		<Unit filename="src/wp43s/mathematics/addition.c">
			<Option compilerVar="CC" />
			<Option target="wp43s" />
			<Option target="wp43s_debug" />
			<Option target="testSuite" />
		</Unit>
		<Unit filename="src/wp43s/mathematics/addition.h">
			<Option target="wp43s" />
			<Option target="wp43s_debug" />
			<Option target="testSuite" />
		</Unit>
		<Unit filename="src/wp43s/mathematics/arccos.c">
			<Option compilerVar="CC" />
			<Option target="wp43s" />
			<Option target="wp43s_debug" />
			<Option target="testSuite" />
		</Unit>
		<Unit filename="src/wp43s/mathematics/arccos.h">
			<Option target="wp43s" />
			<Option target="wp43s_debug" />
			<Option target="testSuite" />
		</Unit>
		<Unit filename="src/wp43s/mathematics/arcsin.c">
			<Option compilerVar="CC" />
			<Option target="wp43s" />
			<Option target="wp43s_debug" />
			<Option target="testSuite" />
		</Unit>
		<Unit filename="src/wp43s/mathematics/arcsin.h">
			<Option target="wp43s" />
			<Option target="wp43s_debug" />
			<Option target="testSuite" />
		</Unit>
		<Unit filename="src/wp43s/mathematics/arctan.c">
			<Option compilerVar="CC" />
			<Option target="wp43s" />
			<Option target="wp43s_debug" />
			<Option target="testSuite" />
		</Unit>
		<Unit filename="src/wp43s/mathematics/arctan.h">
			<Option target="wp43s" />
			<Option target="wp43s_debug" />
			<Option target="testSuite" />
		</Unit>
		<Unit filename="src/wp43s/mathematics/changeSign.c">
			<Option compilerVar="CC" />
			<Option target="wp43s" />
			<Option target="wp43s_debug" />
			<Option target="testSuite" />
		</Unit>
		<Unit filename="src/wp43s/mathematics/changeSign.h">
			<Option target="wp43s" />
			<Option target="wp43s_debug" />
			<Option target="testSuite" />
		</Unit>
		<Unit filename="src/wp43s/mathematics/comparisonReals.c">
			<Option compilerVar="CC" />
			<Option target="wp43s" />
			<Option target="wp43s_debug" />
			<Option target="testSuite" />
		</Unit>
		<Unit filename="src/wp43s/mathematics/comparisonReals.h">
			<Option target="wp43s" />
			<Option target="wp43s_debug" />
			<Option target="testSuite" />
		</Unit>
		<Unit filename="src/wp43s/mathematics/conjugate.c">
			<Option compilerVar="CC" />
			<Option target="wp43s" />
			<Option target="wp43s_debug" />
			<Option target="testSuite" />
		</Unit>
		<Unit filename="src/wp43s/mathematics/conjugate.h">
			<Option target="wp43s" />
			<Option target="wp43s_debug" />
			<Option target="testSuite" />
		</Unit>
		<Unit filename="src/wp43s/mathematics/cos.c">
			<Option compilerVar="CC" />
			<Option target="wp43s" />
			<Option target="wp43s_debug" />
			<Option target="testSuite" />
		</Unit>
		<Unit filename="src/wp43s/mathematics/cos.h">
			<Option target="wp43s" />
			<Option target="wp43s_debug" />
			<Option target="testSuite" />
		</Unit>
		<Unit filename="src/wp43s/mathematics/cube.c">
			<Option compilerVar="CC" />
			<Option target="wp43s" />
			<Option target="wp43s_debug" />
			<Option target="testSuite" />
		</Unit>
		<Unit filename="src/wp43s/mathematics/cube.h">
			<Option target="wp43s" />
			<Option target="wp43s_debug" />
			<Option target="testSuite" />
		</Unit>
		<Unit filename="src/wp43s/mathematics/division.c">
			<Option compilerVar="CC" />
			<Option target="wp43s" />
			<Option target="wp43s_debug" />
			<Option target="testSuite" />
		</Unit>
		<Unit filename="src/wp43s/mathematics/division.h">
			<Option target="wp43s" />
			<Option target="wp43s_debug" />
			<Option target="testSuite" />
		</Unit>
		<Unit filename="src/wp43s/mathematics/exp.c">
			<Option compilerVar="CC" />
			<Option target="wp43s" />
			<Option target="wp43s_debug" />
			<Option target="testSuite" />
		</Unit>
		<Unit filename="src/wp43s/mathematics/exp.h">
			<Option target="wp43s" />
			<Option target="wp43s_debug" />
			<Option target="testSuite" />
		</Unit>
		<Unit filename="src/wp43s/mathematics/factorial.c">
			<Option compilerVar="CC" />
			<Option target="wp43s" />
			<Option target="wp43s_debug" />
			<Option target="testSuite" />
		</Unit>
		<Unit filename="src/wp43s/mathematics/factorial.h">
			<Option target="wp43s" />
			<Option target="wp43s_debug" />
			<Option target="testSuite" />
		</Unit>
		<Unit filename="src/wp43s/mathematics/fractionalPart.c">
			<Option compilerVar="CC" />
			<Option target="wp43s" />
			<Option target="wp43s_debug" />
			<Option target="testSuite" />
		</Unit>
		<Unit filename="src/wp43s/mathematics/fractionalPart.h">
			<Option target="wp43s" />
			<Option target="wp43s_debug" />
			<Option target="testSuite" />
		</Unit>
		<Unit filename="src/wp43s/mathematics/gamma.c">
			<Option compilerVar="CC" />
			<Option target="wp43s" />
			<Option target="wp43s_debug" />
			<Option target="testSuite" />
		</Unit>
		<Unit filename="src/wp43s/mathematics/gamma.h">
			<Option target="wp43s" />
			<Option target="wp43s_debug" />
			<Option target="testSuite" />
		</Unit>
		<Unit filename="src/wp43s/mathematics/gcd.c">
			<Option compilerVar="CC" />
			<Option target="wp43s" />
			<Option target="wp43s_debug" />
			<Option target="testSuite" />
		</Unit>
		<Unit filename="src/wp43s/mathematics/gcd.h">
			<Option target="wp43s" />
			<Option target="wp43s_debug" />
			<Option target="testSuite" />
		</Unit>
		<Unit filename="src/wp43s/mathematics/imaginaryPart.c">
			<Option compilerVar="CC" />
			<Option target="wp43s" />
			<Option target="wp43s_debug" />
			<Option target="testSuite" />
		</Unit>
		<Unit filename="src/wp43s/mathematics/imaginaryPart.h">
			<Option target="wp43s" />
			<Option target="wp43s_debug" />
			<Option target="testSuite" />
		</Unit>
		<Unit filename="src/wp43s/mathematics/integerPart.c">
			<Option compilerVar="CC" />
			<Option target="wp43s" />
			<Option target="wp43s_debug" />
			<Option target="testSuite" />
		</Unit>
		<Unit filename="src/wp43s/mathematics/integerPart.h">
			<Option target="wp43s" />
			<Option target="wp43s_debug" />
			<Option target="testSuite" />
		</Unit>
		<Unit filename="src/wp43s/mathematics/invert.c">
			<Option compilerVar="CC" />
			<Option target="wp43s" />
			<Option target="wp43s_debug" />
			<Option target="testSuite" />
		</Unit>
		<Unit filename="src/wp43s/mathematics/invert.h">
			<Option target="wp43s" />
			<Option target="wp43s_debug" />
			<Option target="testSuite" />
		</Unit>
		<Unit filename="src/wp43s/mathematics/lcm.c">
			<Option compilerVar="CC" />
			<Option target="wp43s" />
			<Option target="wp43s_debug" />
			<Option target="testSuite" />
		</Unit>
		<Unit filename="src/wp43s/mathematics/lcm.h">
			<Option target="wp43s" />
			<Option target="wp43s_debug" />
			<Option target="testSuite" />
		</Unit>
		<Unit filename="src/wp43s/mathematics/ln.c">
			<Option compilerVar="CC" />
			<Option target="wp43s" />
			<Option target="wp43s_debug" />
			<Option target="testSuite" />
		</Unit>
		<Unit filename="src/wp43s/mathematics/ln.h">
			<Option target="wp43s" />
			<Option target="wp43s_debug" />
			<Option target="testSuite" />
		</Unit>
		<Unit filename="src/wp43s/mathematics/log10.c">
			<Option compilerVar="CC" />
			<Option target="wp43s" />
			<Option target="wp43s_debug" />
			<Option target="testSuite" />
		</Unit>
		<Unit filename="src/wp43s/mathematics/log10.h">
			<Option target="wp43s" />
			<Option target="wp43s_debug" />
			<Option target="testSuite" />
		</Unit>
		<Unit filename="src/wp43s/mathematics/log2.c">
			<Option compilerVar="CC" />
			<Option target="wp43s" />
			<Option target="wp43s_debug" />
			<Option target="testSuite" />
		</Unit>
		<Unit filename="src/wp43s/mathematics/log2.h">
			<Option target="wp43s" />
			<Option target="wp43s_debug" />
			<Option target="testSuite" />
		</Unit>
		<Unit filename="src/wp43s/mathematics/magnitude.c">
			<Option compilerVar="CC" />
			<Option target="wp43s" />
			<Option target="wp43s_debug" />
			<Option target="testSuite" />
		</Unit>
		<Unit filename="src/wp43s/mathematics/magnitude.h">
			<Option target="wp43s" />
			<Option target="wp43s_debug" />
			<Option target="testSuite" />
		</Unit>
		<Unit filename="src/wp43s/mathematics/mathematics.h">
			<Option target="wp43s" />
			<Option target="wp43s_debug" />
			<Option target="testSuite" />
		</Unit>
		<Unit filename="src/wp43s/mathematics/minusOnePow.c">
			<Option compilerVar="CC" />
			<Option target="wp43s" />
			<Option target="wp43s_debug" />
			<Option target="testSuite" />
		</Unit>
		<Unit filename="src/wp43s/mathematics/minusOnePow.h">
			<Option target="wp43s" />
			<Option target="wp43s_debug" />
			<Option target="testSuite" />
		</Unit>
		<Unit filename="src/wp43s/mathematics/multiplication.c">
			<Option compilerVar="CC" />
			<Option target="wp43s" />
			<Option target="wp43s_debug" />
			<Option target="testSuite" />
		</Unit>
		<Unit filename="src/wp43s/mathematics/multiplication.h">
			<Option target="wp43s" />
			<Option target="wp43s_debug" />
			<Option target="testSuite" />
		</Unit>
		<Unit filename="src/wp43s/mathematics/power.c">
			<Option compilerVar="CC" />
			<Option target="wp43s" />
			<Option target="wp43s_debug" />
			<Option target="testSuite" />
		</Unit>
		<Unit filename="src/wp43s/mathematics/power.h">
			<Option target="wp43s" />
			<Option target="wp43s_debug" />
			<Option target="testSuite" />
		</Unit>
		<Unit filename="src/wp43s/mathematics/realPart.c">
			<Option compilerVar="CC" />
			<Option target="wp43s" />
			<Option target="wp43s_debug" />
			<Option target="testSuite" />
		</Unit>
		<Unit filename="src/wp43s/mathematics/realPart.h">
			<Option target="wp43s" />
			<Option target="wp43s_debug" />
			<Option target="testSuite" />
		</Unit>
		<Unit filename="src/wp43s/mathematics/sign.c">
			<Option compilerVar="CC" />
			<Option target="wp43s" />
			<Option target="wp43s_debug" />
			<Option target="testSuite" />
		</Unit>
		<Unit filename="src/wp43s/mathematics/sign.h">
			<Option target="wp43s" />
			<Option target="wp43s_debug" />
			<Option target="testSuite" />
		</Unit>
		<Unit filename="src/wp43s/mathematics/sin.c">
			<Option compilerVar="CC" />
			<Option target="wp43s" />
			<Option target="wp43s_debug" />
			<Option target="testSuite" />
		</Unit>
		<Unit filename="src/wp43s/mathematics/sin.h">
			<Option target="wp43s" />
			<Option target="wp43s_debug" />
			<Option target="testSuite" />
		</Unit>
		<Unit filename="src/wp43s/mathematics/sqrt.c">
			<Option compilerVar="CC" />
			<Option target="wp43s" />
			<Option target="wp43s_debug" />
			<Option target="testSuite" />
		</Unit>
		<Unit filename="src/wp43s/mathematics/sqrt.h">
			<Option target="wp43s" />
			<Option target="wp43s_debug" />
			<Option target="testSuite" />
		</Unit>
		<Unit filename="src/wp43s/mathematics/square.c">
			<Option compilerVar="CC" />
			<Option target="wp43s" />
			<Option target="wp43s_debug" />
			<Option target="testSuite" />
		</Unit>
		<Unit filename="src/wp43s/mathematics/square.h">
			<Option target="wp43s" />
			<Option target="wp43s_debug" />
			<Option target="testSuite" />
		</Unit>
		<Unit filename="src/wp43s/mathematics/subtraction.c">
			<Option compilerVar="CC" />
			<Option target="wp43s" />
			<Option target="wp43s_debug" />
			<Option target="testSuite" />
		</Unit>
		<Unit filename="src/wp43s/mathematics/subtraction.h">
			<Option target="wp43s" />
			<Option target="wp43s_debug" />
			<Option target="testSuite" />
		</Unit>
		<Unit filename="src/wp43s/mathematics/swapRealImaginary.c">
			<Option compilerVar="CC" />
			<Option target="wp43s" />
			<Option target="wp43s_debug" />
			<Option target="testSuite" />
		</Unit>
		<Unit filename="src/wp43s/mathematics/swapRealImaginary.h">
			<Option target="wp43s" />
			<Option target="wp43s_debug" />
			<Option target="testSuite" />
		</Unit>
		<Unit filename="src/wp43s/mathematics/tan.c">
			<Option compilerVar="CC" />
			<Option target="wp43s" />
			<Option target="wp43s_debug" />
			<Option target="testSuite" />
		</Unit>
		<Unit filename="src/wp43s/mathematics/tan.h">
			<Option target="wp43s" />
			<Option target="wp43s_debug" />
			<Option target="testSuite" />
		</Unit>
		<Unit filename="src/wp43s/mathematics/toPolar.c">
			<Option compilerVar="CC" />
			<Option target="wp43s" />
			<Option target="wp43s_debug" />
			<Option target="testSuite" />
		</Unit>
		<Unit filename="src/wp43s/mathematics/toPolar.h">
			<Option target="wp43s" />
			<Option target="wp43s_debug" />
			<Option target="testSuite" />
		</Unit>
		<Unit filename="src/wp43s/mathematics/toRect.c">
			<Option compilerVar="CC" />
			<Option target="wp43s" />
			<Option target="wp43s_debug" />
			<Option target="testSuite" />
		</Unit>
		<Unit filename="src/wp43s/mathematics/toRect.h">
			<Option target="wp43s" />
			<Option target="wp43s_debug" />
			<Option target="testSuite" />
		</Unit>
		<Unit filename="src/wp43s/mathematics/unitVector.c">
			<Option compilerVar="CC" />
			<Option target="wp43s" />
			<Option target="wp43s_debug" />
			<Option target="testSuite" />
		</Unit>
		<Unit filename="src/wp43s/mathematics/unitVector.h">
			<Option target="wp43s" />
			<Option target="wp43s_debug" />
			<Option target="testSuite" />
		</Unit>
		<Unit filename="src/wp43s/mathematics/wp34s.c">
			<Option compilerVar="CC" />
			<Option target="wp43s" />
			<Option target="wp43s_debug" />
			<Option target="testSuite" />
		</Unit>
		<Unit filename="src/wp43s/mathematics/wp34s.h">
			<Option target="wp43s" />
			<Option target="wp43s_debug" />
			<Option target="testSuite" />
		</Unit>
		<Unit filename="src/wp43s/rasterFontsData.c">
			<Option compilerVar="CC" />
			<Option target="wp43s" />
			<Option target="wp43s_debug" />
			<Option target="testTtf2RasterFonts" />
			<Option target="testSuite" />
		</Unit>
		<Unit filename="src/wp43s/rasterFontsTypes.h">
			<Option target="wp43s" />
			<Option target="wp43s_debug" />
			<Option target="testSuite" />
		</Unit>
		<Unit filename="src/wp43s/registerValueConversions.c">
			<Option compilerVar="CC" />
			<Option target="wp43s" />
			<Option target="wp43s_debug" />
			<Option target="testSuite" />
		</Unit>
		<Unit filename="src/wp43s/registerValueConversions.h">
			<Option target="wp43s" />
			<Option target="wp43s_debug" />
			<Option target="testSuite" />
		</Unit>
		<Unit filename="src/wp43s/registers.c">
			<Option compilerVar="CC" />
			<Option target="wp43s" />
			<Option target="wp43s_debug" />
			<Option target="testSuite" />
		</Unit>
		<Unit filename="src/wp43s/registers.h">
			<Option target="wp43s" />
			<Option target="wp43s_debug" />
			<Option target="testSuite" />
		</Unit>
		<Unit filename="src/wp43s/saveRestoreCalcState.c">
			<Option compilerVar="CC" />
			<Option target="wp43s" />
			<Option target="wp43s_debug" />
			<Option target="testSuite" />
		</Unit>
		<Unit filename="src/wp43s/saveRestoreCalcState.h">
			<Option target="wp43s" />
			<Option target="wp43s_debug" />
			<Option target="testSuite" />
		</Unit>
		<Unit filename="src/wp43s/screen.c">
			<Option compilerVar="CC" />
			<Option target="wp43s" />
			<Option target="wp43s_debug" />
			<Option target="testSuite" />
		</Unit>
		<Unit filename="src/wp43s/screen.h">
			<Option target="wp43s" />
			<Option target="wp43s_debug" />
			<Option target="testSuite" />
		</Unit>
		<Unit filename="src/wp43s/softkeys.h">
			<Option target="wp43s" />
			<Option target="wp43s_debug" />
			<Option target="testSuite" />
		</Unit>
		<Unit filename="src/wp43s/softmenus.c">
			<Option compilerVar="CC" />
			<Option target="wp43s" />
			<Option target="wp43s_debug" />
			<Option target="testSuite" />
		</Unit>
		<Unit filename="src/wp43s/softmenus.h">
			<Option target="wp43s" />
			<Option target="wp43s_debug" />
			<Option target="testSuite" />
		</Unit>
		<Unit filename="src/wp43s/sort.c">
			<Option compilerVar="CC" />
			<Option target="wp43s" />
			<Option target="wp43s_debug" />
			<Option target="testSuite" />
		</Unit>
		<Unit filename="src/wp43s/sort.h">
			<Option target="wp43s" />
			<Option target="wp43s_debug" />
			<Option target="testSuite" />
		</Unit>
		<Unit filename="src/wp43s/stack.c">
			<Option compilerVar="CC" />
			<Option target="wp43s" />
			<Option target="wp43s_debug" />
			<Option target="testSuite" />
		</Unit>
		<Unit filename="src/wp43s/stack.h">
			<Option target="wp43s" />
			<Option target="wp43s_debug" />
			<Option target="testSuite" />
		</Unit>
		<Unit filename="src/wp43s/stats.c">
			<Option compilerVar="CC" />
			<Option target="wp43s" />
			<Option target="wp43s_debug" />
			<Option target="testSuite" />
		</Unit>
		<Unit filename="src/wp43s/stats.h">
			<Option target="wp43s" />
			<Option target="wp43s_debug" />
			<Option target="testSuite" />
		</Unit>
		<Unit filename="src/wp43s/statusBar.c">
			<Option compilerVar="CC" />
			<Option target="wp43s" />
			<Option target="wp43s_debug" />
			<Option target="testSuite" />
		</Unit>
		<Unit filename="src/wp43s/statusBar.h">
			<Option target="wp43s" />
			<Option target="wp43s_debug" />
			<Option target="testSuite" />
		</Unit>
		<Unit filename="src/wp43s/testFunctions.c">
			<Option compilerVar="CC" />
			<Option target="wp43s" />
			<Option target="wp43s_debug" />
			<Option target="testSuite" />
		</Unit>
		<Unit filename="src/wp43s/testFunctions.h">
			<Option target="wp43s" />
			<Option target="wp43s_debug" />
			<Option target="testSuite" />
		</Unit>
		<Unit filename="src/wp43s/tfm.h">
			<Option target="wp43s" />
			<Option target="wp43s_debug" />
			<Option target="testSuite" />
		</Unit>
		<Unit filename="src/wp43s/tfm_private.h">
			<Option target="wp43s" />
			<Option target="wp43s_debug" />
			<Option target="testSuite" />
		</Unit>
		<Unit filename="src/wp43s/timer.c">
			<Option compilerVar="CC" />
			<Option target="wp43s" />
			<Option target="wp43s_debug" />
			<Option target="testSuite" />
		</Unit>
		<Unit filename="src/wp43s/timer.h">
			<Option target="wp43s" />
			<Option target="wp43s_debug" />
			<Option target="testSuite" />
		</Unit>
		<Unit filename="src/wp43s/tomsFastMathWrappers.h">
			<Option target="wp43s" />
			<Option target="wp43s_debug" />
			<Option target="testSuite" />
		</Unit>
		<Unit filename="src/wp43s/tomsfastmath.c">
			<Option compilerVar="CC" />
			<Option target="wp43s" />
			<Option target="wp43s_debug" />
			<Option target="testSuite" />
		</Unit>
		<Unit filename="src/wp43s/wp43s.c">
			<Option compilerVar="CC" />
			<Option target="wp43s" />
			<Option target="wp43s_debug" />
			<Option target="testSuite" />
		</Unit>
		<Unit filename="src/wp43s/wp43s.h">
			<Option target="wp43s" />
			<Option target="wp43s_debug" />
			<Option target="testSuite" />
		</Unit>
		<Unit filename="wp43s_pre.css">
			<Option target="wp43s" />
			<Option target="testSuite" />
		</Unit>
		<Extensions>
			<code_completion />
			<debugger />
			<envvars />
			<DoxyBlocks>
				<comment_style block="4" line="2" />
				<doxyfile_project />
				<doxyfile_build extract_all="1" />
				<doxyfile_warnings />
				<doxyfile_output />
				<doxyfile_dot />
				<general />
			</DoxyBlocks>
		</Extensions>
	</Project>
</CodeBlocks_project_file>
