<?xml version="1.0" encoding="UTF-8" standalone="yes" ?>
<CodeBlocks_project_file>
	<FileVersion major="1" minor="6" />
	<Project>
		<Option title="wp43s" />
		<Option pch_mode="2" />
		<Option compiler="gcc" />
		<Build>
			<Target title="wp43s">
				<Option output="bin/Release/wp43s" prefix_auto="1" extension_auto="1" />
				<Option object_output="obj/Release/" />
				<Option type="1" />
				<Option compiler="gcc" />
				<Compiler>
					<Add option="-fomit-frame-pointer" />
					<Add option="-O2" />
				</Compiler>
				<Linker>
					<Add option="-s" />
					<Add option="`pkg-config gtk+-3.0 --libs`" />
					<Add library="gmp" />
				</Linker>
			</Target>
			<Target title="wp43s_debug">
				<Option output="bin/Debug/wp43s" prefix_auto="1" extension_auto="1" />
				<Option object_output="obj/Debug/" />
				<Option type="1" />
				<Option compiler="gcc" />
				<Compiler>
					<Add option="-g" />
				</Compiler>
				<Linker>
					<Add option="`pkg-config gtk+-3.0 --libs`" />
					<Add library="gmp" />
				</Linker>
			</Target>
			<Target title="testSuite">
				<Option output="bin/Release/testSuite" prefix_auto="1" extension_auto="1" />
				<Option object_output="obj/Release/" />
				<Option type="1" />
				<Option compiler="gcc" />
				<Compiler>
					<Add option="-pg" />
					<Add option="-g" />
					<Add option="-ggdb" />
					<Add option="-Warray-bounds=2" />
					<Add option="-DTESTSUITE_BUILD" />
					<Add directory="src/testSuite" />
				</Compiler>
				<Linker>
					<Add option="-pg" />
					<Add library="gmp" />
				</Linker>
			</Target>
			<Target title="generateCatalogs">
				<Option output="bin/Debug/generateCatalogs" prefix_auto="1" extension_auto="1" />
				<Option object_output="obj/Debug/" />
				<Option type="1" />
				<Option compiler="gcc" />
				<Compiler>
					<Add option="-g" />
					<Add option="-DTESTSUITE_BUILD" />
					<Add option="-DGENERATE_CATALOGS" />
				</Compiler>
				<Linker>
					<Add library="gmp" />
				</Linker>
			</Target>
			<Target title="generateConstants">
				<Option output="bin/Debug/generateConstants" prefix_auto="1" extension_auto="1" />
				<Option object_output="obj/Debug/" />
				<Option type="1" />
				<Option compiler="gcc" />
				<Compiler>
					<Add option="-g" />
				</Compiler>
			</Target>
			<Target title="generateTestPgms">
				<Option output="bin/Debug/generateTestPgms" prefix_auto="1" extension_auto="1" />
				<Option object_output="obj/Debug/" />
				<Option type="1" />
				<Option compiler="gcc" />
			</Target>
			<Target title="ttf2RasterFonts">
				<Option output="bin/Debug/ttf2RasterFonts" prefix_auto="1" extension_auto="1" />
				<Option object_output="obj/Debug/" />
				<Option type="1" />
				<Option compiler="gcc" />
				<Compiler>
					<Add option="-g" />
					<Add option="`pkg-config --cflags freetype2`" />
				</Compiler>
				<Linker>
					<Add option="`pkg-config --libs freetype2`" />
				</Linker>
			</Target>
			<Target title="testTtf2RasterFonts">
				<Option output="bin/Debug/testTtf2RasterFonts" prefix_auto="1" extension_auto="1" />
				<Option object_output="obj/Debug/" />
				<Option type="1" />
				<Option compiler="gcc" />
				<Compiler>
					<Add option="-g" />
				</Compiler>
			</Target>
		</Build>
		<VirtualTargets>
			<Add alias="All" targets="wp43s;wp43s_debug;testTtf2RasterFonts;ttf2RasterFonts;" />
		</VirtualTargets>
		<Compiler>
			<Add option="-march=nocona" />
			<Add option="-Wextra" />
			<Add option="-Wall" />
			<Add option="-std=c11" />
			<Add option="-m64" />
			<Add option="-funsigned-bitfields" />
			<Add option="-fshort-enums" />
			<Add option="-fstrict-aliasing" />
			<Add option="-Wstrict-aliasing" />
			<Add option="`pkg-config gtk+-3.0 --cflags`" />
			<Add option="-DPC_BUILD" />
			<Add option="-DOS64BIT" />
			<Add option="-DCODEBLOCKS_OVER_SCORE" />
			<Add directory="dep/decNumberICU" />
			<Add directory="src/wp43s" />
		</Compiler>
		<Linker>
			<Add option="-m64" />
			<Add library="m" />
		</Linker>
		<Unit filename="COPYING">
			<Option target="&lt;{~None~}&gt;" />
		</Unit>
		<Unit filename="dep/decNumberICU/decContext.c">
			<Option compilerVar="CC" />
			<Option target="wp43s" />
			<Option target="wp43s_debug" />
			<Option target="testSuite" />
			<Option target="generateConstants" />
		</Unit>
		<Unit filename="dep/decNumberICU/decDouble.c">
			<Option compilerVar="CC" />
			<Option target="wp43s" />
			<Option target="wp43s_debug" />
			<Option target="testSuite" />
			<Option target="generateConstants" />
		</Unit>
		<Unit filename="dep/decNumberICU/decDouble.h">
			<Option target="wp43s" />
			<Option target="wp43s_debug" />
			<Option target="testSuite" />
			<Option target="generateConstants" />
		</Unit>
		<Unit filename="dep/decNumberICU/decNumber.c">
			<Option compilerVar="CC" />
			<Option target="wp43s" />
			<Option target="wp43s_debug" />
			<Option target="testSuite" />
			<Option target="generateConstants" />
		</Unit>
		<Unit filename="dep/decNumberICU/decNumber.h">
			<Option target="wp43s" />
			<Option target="wp43s_debug" />
			<Option target="testSuite" />
			<Option target="generateConstants" />
		</Unit>
		<Unit filename="dep/decNumberICU/decNumberLocal.h">
			<Option target="wp43s" />
			<Option target="wp43s_debug" />
			<Option target="testSuite" />
			<Option target="generateConstants" />
		</Unit>
		<Unit filename="dep/decNumberICU/decQuad.c">
			<Option compilerVar="CC" />
			<Option target="wp43s" />
			<Option target="wp43s_debug" />
			<Option target="testSuite" />
			<Option target="generateConstants" />
		</Unit>
		<Unit filename="dep/decNumberICU/decQuad.h">
			<Option target="wp43s" />
			<Option target="wp43s_debug" />
			<Option target="testSuite" />
			<Option target="generateConstants" />
		</Unit>
		<Unit filename="dep/decNumberICU/decimal128.c">
			<Option compilerVar="CC" />
			<Option target="wp43s" />
			<Option target="wp43s_debug" />
			<Option target="testSuite" />
			<Option target="generateConstants" />
		</Unit>
		<Unit filename="dep/decNumberICU/decimal128.h">
			<Option target="wp43s" />
			<Option target="wp43s_debug" />
			<Option target="testSuite" />
			<Option target="generateConstants" />
		</Unit>
		<Unit filename="dep/decNumberICU/decimal64.c">
			<Option compilerVar="CC" />
			<Option target="wp43s" />
			<Option target="wp43s_debug" />
			<Option target="testSuite" />
			<Option target="generateConstants" />
		</Unit>
		<Unit filename="dep/decNumberICU/decimal64.h">
			<Option target="wp43s" />
			<Option target="wp43s_debug" />
			<Option target="testSuite" />
			<Option target="generateConstants" />
		</Unit>
		<Unit filename="res/fonts/Font changes.txt">
			<Option target="ttf2RasterFonts" />
		</Unit>
		<Unit filename="res/wp43s_pre.css">
			<Option target="wp43s" />
			<Option target="wp43s_debug" />
			<Option target="testSuite" />
		</Unit>
		<Unit filename="src/generateCatalogs/generateCatalogs.c">
			<Option compilerVar="CC" />
			<Option target="generateCatalogs" />
		</Unit>
		<Unit filename="src/generateConstants/generateConstants.c">
			<Option compilerVar="CC" />
			<Option target="generateConstants" />
		</Unit>
		<Unit filename="src/generateTestPgms/generateTestPgms.c">
			<Option compilerVar="CC" />
			<Option target="generateTestPgms" />
		</Unit>
		<Unit filename="src/testSuite/10pow.txt">
			<Option target="testSuite" />
		</Unit>
		<Unit filename="src/testSuite/2pow.txt">
			<Option target="testSuite" />
		</Unit>
		<Unit filename="src/testSuite/addition_complex.txt">
			<Option target="testSuite" />
		</Unit>
		<Unit filename="src/testSuite/addition_complexMatrix.txt">
			<Option target="testSuite" />
		</Unit>
		<Unit filename="src/testSuite/addition_date.txt">
			<Option target="testSuite" />
		</Unit>
		<Unit filename="src/testSuite/addition_longInteger.txt">
			<Option target="testSuite" />
		</Unit>
		<Unit filename="src/testSuite/addition_real.txt">
			<Option target="testSuite" />
		</Unit>
		<Unit filename="src/testSuite/addition_realMatrix.txt">
			<Option target="testSuite" />
		</Unit>
		<Unit filename="src/testSuite/addition_shortInteger.txt">
			<Option target="testSuite" />
		</Unit>
		<Unit filename="src/testSuite/addition_string.txt">
			<Option target="testSuite" />
		</Unit>
		<Unit filename="src/testSuite/addition_time.txt">
			<Option target="testSuite" />
		</Unit>
		<Unit filename="src/testSuite/agm.txt">
			<Option target="testSuite" />
		</Unit>
		<Unit filename="src/testSuite/arccos.txt">
			<Option target="testSuite" />
		</Unit>
		<Unit filename="src/testSuite/arccosh.txt">
			<Option target="testSuite" />
		</Unit>
		<Unit filename="src/testSuite/arcsin.txt">
			<Option target="testSuite" />
		</Unit>
		<Unit filename="src/testSuite/arcsinh.txt">
			<Option target="testSuite" />
		</Unit>
		<Unit filename="src/testSuite/arctan.txt">
			<Option target="testSuite" />
		</Unit>
		<Unit filename="src/testSuite/arctanh.txt">
			<Option target="testSuite" />
		</Unit>
		<Unit filename="src/testSuite/bessel.txt">
			<Option target="testSuite" />
		</Unit>
		<Unit filename="src/testSuite/beta.txt">
			<Option target="testSuite" />
		</Unit>
		<Unit filename="src/testSuite/binomial_i.txt">
			<Option target="testSuite" />
		</Unit>
		<Unit filename="src/testSuite/binomial_l.txt">
			<Option target="testSuite" />
		</Unit>
		<Unit filename="src/testSuite/binomial_p.txt">
			<Option target="testSuite" />
		</Unit>
		<Unit filename="src/testSuite/binomial_r.txt">
			<Option target="testSuite" />
		</Unit>
		<Unit filename="src/testSuite/bn.txt">
			<Option target="testSuite" />
		</Unit>
		<Unit filename="src/testSuite/bn_star.txt">
			<Option target="testSuite" />
		</Unit>
		<Unit filename="src/testSuite/cauchy_i.txt">
			<Option target="testSuite" />
		</Unit>
		<Unit filename="src/testSuite/cauchy_l.txt">
			<Option target="testSuite" />
		</Unit>
		<Unit filename="src/testSuite/cauchy_p.txt">
			<Option target="testSuite" />
		</Unit>
		<Unit filename="src/testSuite/cauchy_r.txt">
			<Option target="testSuite" />
		</Unit>
		<Unit filename="src/testSuite/ceil.txt">
			<Option target="testSuite" />
		</Unit>
		<Unit filename="src/testSuite/changeSign.txt">
			<Option target="testSuite" />
		</Unit>
		<Unit filename="src/testSuite/chebyshev_t.txt">
			<Option target="testSuite" />
		</Unit>
		<Unit filename="src/testSuite/chebyshev_u.txt">
			<Option target="testSuite" />
		</Unit>
		<Unit filename="src/testSuite/chi2_i.txt">
			<Option target="testSuite" />
		</Unit>
		<Unit filename="src/testSuite/chi2_l.txt">
			<Option target="testSuite" />
		</Unit>
		<Unit filename="src/testSuite/chi2_p.txt">
			<Option target="testSuite" />
		</Unit>
		<Unit filename="src/testSuite/chi2_r.txt">
			<Option target="testSuite" />
		</Unit>
		<Unit filename="src/testSuite/conjugate.txt">
			<Option target="testSuite" />
		</Unit>
		<Unit filename="src/testSuite/conversionAngles.txt">
			<Option target="testSuite" />
		</Unit>
		<Unit filename="src/testSuite/cos.txt">
			<Option target="testSuite" />
		</Unit>
		<Unit filename="src/testSuite/cosh.txt">
			<Option target="testSuite" />
		</Unit>
		<Unit filename="src/testSuite/cross.txt">
			<Option target="testSuite" />
		</Unit>
		<Unit filename="src/testSuite/cube.txt">
			<Option target="testSuite" />
		</Unit>
		<Unit filename="src/testSuite/cubeRoot.txt">
			<Option target="testSuite" />
		</Unit>
		<Unit filename="src/testSuite/cxToRe.txt">
			<Option target="testSuite" />
		</Unit>
		<Unit filename="src/testSuite/cyx.txt">
			<Option target="testSuite" />
		</Unit>
		<Unit filename="src/testSuite/dToJ.txt">
			<Option target="testSuite" />
		</Unit>
		<Unit filename="src/testSuite/dateTo.txt">
			<Option target="testSuite" />
		</Unit>
		<Unit filename="src/testSuite/day.txt">
			<Option target="testSuite" />
		</Unit>
		<Unit filename="src/testSuite/dblDivision.txt">
			<Option target="testSuite" />
		</Unit>
		<Unit filename="src/testSuite/dblDivisionRemainder.txt">
			<Option target="testSuite" />
		</Unit>
		<Unit filename="src/testSuite/dblMultiplication.txt">
			<Option target="testSuite" />
		</Unit>
		<Unit filename="src/testSuite/debug.txt">
			<Option target="testSuite" />
		</Unit>
		<Unit filename="src/testSuite/decomp.txt">
			<Option target="testSuite" />
		</Unit>
		<Unit filename="src/testSuite/deltaPercent.txt">
			<Option target="testSuite" />
		</Unit>
		<Unit filename="src/testSuite/division_complex.txt">
			<Option target="testSuite" />
		</Unit>
		<Unit filename="src/testSuite/division_complexMatrix.txt">
			<Option target="testSuite" />
		</Unit>
		<Unit filename="src/testSuite/division_date.txt">
			<Option target="testSuite" />
		</Unit>
		<Unit filename="src/testSuite/division_longInteger.txt">
			<Option target="testSuite" />
		</Unit>
		<Unit filename="src/testSuite/division_real.txt">
			<Option target="testSuite" />
		</Unit>
		<Unit filename="src/testSuite/division_realMatrix.txt">
			<Option target="testSuite" />
		</Unit>
		<Unit filename="src/testSuite/division_shortInteger.txt">
			<Option target="testSuite" />
		</Unit>
		<Unit filename="src/testSuite/division_string.txt">
			<Option target="testSuite" />
		</Unit>
		<Unit filename="src/testSuite/division_time.txt">
			<Option target="testSuite" />
		</Unit>
		<Unit filename="src/testSuite/dot.txt">
			<Option target="testSuite" />
		</Unit>
		<Unit filename="src/testSuite/erf.txt">
			<Option target="testSuite" />
		</Unit>
		<Unit filename="src/testSuite/erfc.txt">
			<Option target="testSuite" />
		</Unit>
		<Unit filename="src/testSuite/exp.txt">
			<Option target="testSuite" />
		</Unit>
		<Unit filename="src/testSuite/expmod.txt">
			<Option target="testSuite" />
		</Unit>
		<Unit filename="src/testSuite/exponential_i.txt">
			<Option target="testSuite" />
		</Unit>
		<Unit filename="src/testSuite/exponential_l.txt">
			<Option target="testSuite" />
		</Unit>
		<Unit filename="src/testSuite/exponential_p.txt">
			<Option target="testSuite" />
		</Unit>
		<Unit filename="src/testSuite/exponential_r.txt">
			<Option target="testSuite" />
		</Unit>
		<Unit filename="src/testSuite/expt.txt">
			<Option target="testSuite" />
		</Unit>
		<Unit filename="src/testSuite/f_i.txt">
			<Option target="testSuite" />
		</Unit>
		<Unit filename="src/testSuite/f_l.txt">
			<Option target="testSuite" />
		</Unit>
		<Unit filename="src/testSuite/f_p.txt">
			<Option target="testSuite" />
		</Unit>
		<Unit filename="src/testSuite/f_r.txt">
			<Option target="testSuite" />
		</Unit>
		<Unit filename="src/testSuite/factorial.txt">
			<Option target="testSuite" />
		</Unit>
		<Unit filename="src/testSuite/fib.txt">
			<Option target="testSuite" />
		</Unit>
		<Unit filename="src/testSuite/floor.txt">
			<Option target="testSuite" />
		</Unit>
		<Unit filename="src/testSuite/fractionalPart.txt">
			<Option target="testSuite" />
		</Unit>
		<Unit filename="src/testSuite/gamma.txt">
			<Option target="testSuite" />
		</Unit>
		<Unit filename="src/testSuite/gammaP.txt">
			<Option target="testSuite" />
		</Unit>
		<Unit filename="src/testSuite/gammaQ.txt">
			<Option target="testSuite" />
		</Unit>
		<Unit filename="src/testSuite/gammaXyLower.txt">
			<Option target="testSuite" />
		</Unit>
		<Unit filename="src/testSuite/gammaXyUpper.txt">
			<Option target="testSuite" />
		</Unit>
		<Unit filename="src/testSuite/gcd.txt">
			<Option target="testSuite" />
		</Unit>
		<Unit filename="src/testSuite/gd.txt">
			<Option target="testSuite" />
		</Unit>
		<Unit filename="src/testSuite/geometric_i.txt">
			<Option target="testSuite" />
		</Unit>
		<Unit filename="src/testSuite/geometric_l.txt">
			<Option target="testSuite" />
		</Unit>
		<Unit filename="src/testSuite/geometric_p.txt">
			<Option target="testSuite" />
		</Unit>
		<Unit filename="src/testSuite/geometric_r.txt">
			<Option target="testSuite" />
		</Unit>
		<Unit filename="src/testSuite/hermite.txt">
			<Option target="testSuite" />
		</Unit>
		<Unit filename="src/testSuite/hermite_p.txt">
			<Option target="testSuite" />
		</Unit>
		<Unit filename="src/testSuite/hypergeometric_i.txt">
			<Option target="testSuite" />
		</Unit>
		<Unit filename="src/testSuite/hypergeometric_l.txt">
			<Option target="testSuite" />
		</Unit>
		<Unit filename="src/testSuite/hypergeometric_p.txt">
			<Option target="testSuite" />
		</Unit>
		<Unit filename="src/testSuite/hypergeometric_r.txt">
			<Option target="testSuite" />
		</Unit>
		<Unit filename="src/testSuite/idiv.txt">
			<Option target="testSuite" />
		</Unit>
		<Unit filename="src/testSuite/idivr.txt">
			<Option target="testSuite" />
		</Unit>
		<Unit filename="src/testSuite/imaginaryPart.txt">
			<Option target="testSuite" />
		</Unit>
		<Unit filename="src/testSuite/initialSettings.txt">
			<Option target="testSuite" />
		</Unit>
		<Unit filename="src/testSuite/integerPart.txt">
			<Option target="testSuite" />
		</Unit>
		<Unit filename="src/testSuite/invGd.txt">
			<Option target="testSuite" />
		</Unit>
		<Unit filename="src/testSuite/invert.txt">
			<Option target="testSuite" />
		</Unit>
		<Unit filename="src/testSuite/ixyz.txt">
			<Option target="testSuite" />
		</Unit>
		<Unit filename="src/testSuite/jToD.txt">
			<Option target="testSuite" />
		</Unit>
		<Unit filename="src/testSuite/laguerre.txt">
			<Option target="testSuite" />
		</Unit>
		<Unit filename="src/testSuite/laguerre_alpha.txt">
			<Option target="testSuite" />
		</Unit>
		<Unit filename="src/testSuite/lcm.txt">
			<Option target="testSuite" />
		</Unit>
		<Unit filename="src/testSuite/legendre.txt">
			<Option target="testSuite" />
		</Unit>
		<Unit filename="src/testSuite/ln.txt">
			<Option target="testSuite" />
		</Unit>
		<Unit filename="src/testSuite/lnGamma.txt">
			<Option target="testSuite" />
		</Unit>
		<Unit filename="src/testSuite/lnbeta.txt">
			<Option target="testSuite" />
		</Unit>
		<Unit filename="src/testSuite/log10.txt">
			<Option target="testSuite" />
		</Unit>
		<Unit filename="src/testSuite/log2.txt">
			<Option target="testSuite" />
		</Unit>
		<Unit filename="src/testSuite/logNormal_i.txt">
			<Option target="testSuite" />
		</Unit>
		<Unit filename="src/testSuite/logNormal_l.txt">
			<Option target="testSuite" />
		</Unit>
		<Unit filename="src/testSuite/logNormal_p.txt">
			<Option target="testSuite" />
		</Unit>
		<Unit filename="src/testSuite/logNormal_r.txt">
			<Option target="testSuite" />
		</Unit>
		<Unit filename="src/testSuite/logistic_i.txt">
			<Option target="testSuite" />
		</Unit>
		<Unit filename="src/testSuite/logistic_l.txt">
			<Option target="testSuite" />
		</Unit>
		<Unit filename="src/testSuite/logistic_p.txt">
			<Option target="testSuite" />
		</Unit>
		<Unit filename="src/testSuite/logistic_r.txt">
			<Option target="testSuite" />
		</Unit>
		<Unit filename="src/testSuite/logxy.txt">
			<Option target="testSuite" />
		</Unit>
		<Unit filename="src/testSuite/magnitude.txt">
			<Option target="testSuite" />
		</Unit>
		<Unit filename="src/testSuite/mant.txt">
			<Option target="testSuite" />
		</Unit>
		<Unit filename="src/testSuite/matrix.txt">
			<Option target="testSuite" />
		</Unit>
		<Unit filename="src/testSuite/max.txt">
			<Option target="testSuite" />
		</Unit>
		<Unit filename="src/testSuite/min.txt">
			<Option target="testSuite" />
		</Unit>
		<Unit filename="src/testSuite/minusOnePow.txt">
			<Option target="testSuite" />
		</Unit>
		<Unit filename="src/testSuite/mirror.txt">
			<Option target="testSuite" />
		</Unit>
		<Unit filename="src/testSuite/modulo.txt">
			<Option target="testSuite" />
		</Unit>
		<Unit filename="src/testSuite/month.txt">
			<Option target="testSuite" />
		</Unit>
		<Unit filename="src/testSuite/mulmod.txt">
			<Option target="testSuite" />
		</Unit>
		<Unit filename="src/testSuite/multiplication_complex.txt">
			<Option target="testSuite" />
		</Unit>
		<Unit filename="src/testSuite/multiplication_complexMatrix.txt">
			<Option target="testSuite" />
		</Unit>
		<Unit filename="src/testSuite/multiplication_date.txt">
			<Option target="testSuite" />
		</Unit>
		<Unit filename="src/testSuite/multiplication_longInteger.txt">
			<Option target="testSuite" />
		</Unit>
		<Unit filename="src/testSuite/multiplication_real.txt">
			<Option target="testSuite" />
		</Unit>
		<Unit filename="src/testSuite/multiplication_realMatrix.txt">
			<Option target="testSuite" />
		</Unit>
		<Unit filename="src/testSuite/multiplication_shortInteger.txt">
			<Option target="testSuite" />
		</Unit>
		<Unit filename="src/testSuite/multiplication_string.txt">
			<Option target="testSuite" />
		</Unit>
		<Unit filename="src/testSuite/multiplication_time.txt">
			<Option target="testSuite" />
		</Unit>
		<Unit filename="src/testSuite/negBinomial_i.txt">
			<Option target="testSuite" />
		</Unit>
		<Unit filename="src/testSuite/negBinomial_l.txt">
			<Option target="testSuite" />
		</Unit>
		<Unit filename="src/testSuite/negBinomial_p.txt">
			<Option target="testSuite" />
		</Unit>
		<Unit filename="src/testSuite/negBinomial_r.txt">
			<Option target="testSuite" />
		</Unit>
		<Unit filename="src/testSuite/neighb.txt">
			<Option target="testSuite" />
		</Unit>
		<Unit filename="src/testSuite/normal_i.txt">
			<Option target="testSuite" />
		</Unit>
		<Unit filename="src/testSuite/normal_l.txt">
			<Option target="testSuite" />
		</Unit>
		<Unit filename="src/testSuite/normal_p.txt">
			<Option target="testSuite" />
		</Unit>
		<Unit filename="src/testSuite/normal_r.txt">
			<Option target="testSuite" />
		</Unit>
		<Unit filename="src/testSuite/not.txt">
			<Option target="testSuite" />
		</Unit>
		<Unit filename="src/testSuite/parallel_complex.txt">
			<Option target="testSuite" />
		</Unit>
		<Unit filename="src/testSuite/parallel_complexMatrix.txt">
			<Option target="testSuite" />
		</Unit>
		<Unit filename="src/testSuite/parallel_date.txt">
			<Option target="testSuite" />
		</Unit>
		<Unit filename="src/testSuite/parallel_longInteger.txt">
			<Option target="testSuite" />
		</Unit>
		<Unit filename="src/testSuite/parallel_real.txt">
			<Option target="testSuite" />
		</Unit>
		<Unit filename="src/testSuite/parallel_realMatrix.txt">
			<Option target="testSuite" />
		</Unit>
		<Unit filename="src/testSuite/parallel_shortInteger.txt">
			<Option target="testSuite" />
		</Unit>
		<Unit filename="src/testSuite/parallel_string.txt">
			<Option target="testSuite" />
		</Unit>
		<Unit filename="src/testSuite/parallel_time.txt">
			<Option target="testSuite" />
		</Unit>
		<Unit filename="src/testSuite/percent.txt">
			<Option target="testSuite" />
		</Unit>
		<Unit filename="src/testSuite/percentMRR.txt">
			<Option target="testSuite" />
		</Unit>
		<Unit filename="src/testSuite/percentPlusMG.txt">
			<Option target="testSuite" />
		</Unit>
		<Unit filename="src/testSuite/percentSigma.txt">
			<Option target="testSuite" />
		</Unit>
		<Unit filename="src/testSuite/percentT.txt">
			<Option target="testSuite" />
		</Unit>
		<Unit filename="src/testSuite/poisson_i.txt">
			<Option target="testSuite" />
		</Unit>
		<Unit filename="src/testSuite/poisson_l.txt">
			<Option target="testSuite" />
		</Unit>
		<Unit filename="src/testSuite/poisson_p.txt">
			<Option target="testSuite" />
		</Unit>
		<Unit filename="src/testSuite/poisson_r.txt">
			<Option target="testSuite" />
		</Unit>
		<Unit filename="src/testSuite/polarToRectangular.txt">
			<Option target="testSuite" />
		</Unit>
		<Unit filename="src/testSuite/power_complex.txt">
			<Option target="testSuite" />
		</Unit>
		<Unit filename="src/testSuite/power_complexMatrix.txt">
			<Option target="testSuite" />
		</Unit>
		<Unit filename="src/testSuite/power_date.txt">
			<Option target="testSuite" />
		</Unit>
		<Unit filename="src/testSuite/power_longInteger.txt">
			<Option target="testSuite" />
		</Unit>
		<Unit filename="src/testSuite/power_real.txt">
			<Option target="testSuite" />
		</Unit>
		<Unit filename="src/testSuite/power_realMatrix.txt">
			<Option target="testSuite" />
		</Unit>
		<Unit filename="src/testSuite/power_shortInteger.txt">
			<Option target="testSuite" />
		</Unit>
		<Unit filename="src/testSuite/power_string.txt">
			<Option target="testSuite" />
		</Unit>
		<Unit filename="src/testSuite/power_time.txt">
			<Option target="testSuite" />
		</Unit>
		<Unit filename="src/testSuite/pyx.txt">
			<Option target="testSuite" />
		</Unit>
		<Unit filename="src/testSuite/reToCx.txt">
			<Option target="testSuite" />
		</Unit>
		<Unit filename="src/testSuite/realPart.txt">
			<Option target="testSuite" />
		</Unit>
		<Unit filename="src/testSuite/rectangularToPolar.txt">
			<Option target="testSuite" />
		</Unit>
		<Unit filename="src/testSuite/remainder.txt">
			<Option target="testSuite" />
		</Unit>
		<Unit filename="src/testSuite/round.txt">
			<Option target="testSuite" />
		</Unit>
		<Unit filename="src/testSuite/roundi.txt">
			<Option target="testSuite" />
		</Unit>
		<Unit filename="src/testSuite/sign.txt">
			<Option target="testSuite" />
		</Unit>
		<Unit filename="src/testSuite/sin.txt">
			<Option target="testSuite" />
		</Unit>
		<Unit filename="src/testSuite/sinc.txt">
			<Option target="testSuite" />
		</Unit>
		<Unit filename="src/testSuite/sincpi.txt">
			<Option target="testSuite" />
		</Unit>
		<Unit filename="src/testSuite/sinh.txt">
			<Option target="testSuite" />
		</Unit>
		<Unit filename="src/testSuite/slvq.txt">
			<Option target="testSuite" />
		</Unit>
		<Unit filename="src/testSuite/specialResults.txt">
			<Option target="testSuite" />
		</Unit>
		<Unit filename="src/testSuite/square.txt">
			<Option target="testSuite" />
		</Unit>
		<Unit filename="src/testSuite/squareRoot.txt">
			<Option target="testSuite" />
		</Unit>
		<Unit filename="src/testSuite/subtraction_complex.txt">
			<Option target="testSuite" />
		</Unit>
		<Unit filename="src/testSuite/subtraction_complexMatrix.txt">
			<Option target="testSuite" />
		</Unit>
		<Unit filename="src/testSuite/subtraction_date.txt">
			<Option target="testSuite" />
		</Unit>
		<Unit filename="src/testSuite/subtraction_longInteger.txt">
			<Option target="testSuite" />
		</Unit>
		<Unit filename="src/testSuite/subtraction_real.txt">
			<Option target="testSuite" />
		</Unit>
		<Unit filename="src/testSuite/subtraction_realMatrix.txt">
			<Option target="testSuite" />
		</Unit>
		<Unit filename="src/testSuite/subtraction_shortInteger.txt">
			<Option target="testSuite" />
		</Unit>
		<Unit filename="src/testSuite/subtraction_string.txt">
			<Option target="testSuite" />
		</Unit>
		<Unit filename="src/testSuite/subtraction_time.txt">
			<Option target="testSuite" />
		</Unit>
		<Unit filename="src/testSuite/swapRealImaginary.txt">
			<Option target="testSuite" />
		</Unit>
		<Unit filename="src/testSuite/t_i.txt">
			<Option target="testSuite" />
		</Unit>
		<Unit filename="src/testSuite/t_l.txt">
			<Option target="testSuite" />
		</Unit>
		<Unit filename="src/testSuite/t_p.txt">
			<Option target="testSuite" />
		</Unit>
		<Unit filename="src/testSuite/t_r.txt">
			<Option target="testSuite" />
		</Unit>
		<Unit filename="src/testSuite/tan.txt">
			<Option target="testSuite" />
		</Unit>
		<Unit filename="src/testSuite/tanh.txt">
			<Option target="testSuite" />
		</Unit>
		<Unit filename="src/testSuite/testSuite.c">
			<Option compilerVar="CC" />
			<Option target="testSuite" />
		</Unit>
		<Unit filename="src/testSuite/testSuite.h">
			<Option target="testSuite" />
		</Unit>
		<Unit filename="src/testSuite/testSuiteList.txt">
			<Option target="testSuite" />
		</Unit>
		<Unit filename="src/testSuite/toDate.txt">
			<Option target="testSuite" />
		</Unit>
		<Unit filename="src/testSuite/toHms.txt">
			<Option target="testSuite" />
		</Unit>
		<Unit filename="src/testSuite/toReal.txt">
			<Option target="testSuite" />
		</Unit>
		<Unit filename="src/testSuite/trig.txt">
			<Option target="testSuite" />
		</Unit>
		<Unit filename="src/testSuite/ulp.txt">
			<Option target="testSuite" />
		</Unit>
		<Unit filename="src/testSuite/ultimateQuestionOfLife.txt">
			<Option target="testSuite" />
		</Unit>
		<Unit filename="src/testSuite/unitVector.txt">
			<Option target="testSuite" />
		</Unit>
		<Unit filename="src/testSuite/w_inverse.txt">
			<Option target="testSuite" />
		</Unit>
		<Unit filename="src/testSuite/w_negative.txt">
			<Option target="testSuite" />
		</Unit>
		<Unit filename="src/testSuite/w_positive.txt">
			<Option target="testSuite" />
		</Unit>
		<Unit filename="src/testSuite/wday.txt">
			<Option target="testSuite" />
		</Unit>
		<Unit filename="src/testSuite/weibull_i.txt">
			<Option target="testSuite" />
		</Unit>
		<Unit filename="src/testSuite/weibull_l.txt">
			<Option target="testSuite" />
		</Unit>
		<Unit filename="src/testSuite/weibull_p.txt">
			<Option target="testSuite" />
		</Unit>
		<Unit filename="src/testSuite/weibull_r.txt">
			<Option target="testSuite" />
		</Unit>
		<Unit filename="src/testSuite/xToDate.txt">
			<Option target="testSuite" />
		</Unit>
		<Unit filename="src/testSuite/xthRoot.txt">
			<Option target="testSuite" />
		</Unit>
		<Unit filename="src/testSuite/year.txt">
			<Option target="testSuite" />
		</Unit>
		<Unit filename="src/testSuite/zeta.txt">
			<Option target="testSuite" />
		</Unit>
		<Unit filename="src/ttf2RasterFonts/testTtf2RasterFonts.c">
			<Option compilerVar="CC" />
			<Option target="testTtf2RasterFonts" />
		</Unit>
		<Unit filename="src/ttf2RasterFonts/ttf2RasterFonts.c">
			<Option compilerVar="CC" />
			<Option target="ttf2RasterFonts" />
		</Unit>
		<Unit filename="src/wp43s-gtk/wp43s-gtk.c">
			<Option compilerVar="CC" />
			<Option target="wp43s" />
			<Option target="wp43s_debug" />
		</Unit>
		<Unit filename="src/wp43s/assign.c">
			<Option compilerVar="CC" />
			<Option target="wp43s" />
			<Option target="wp43s_debug" />
			<Option target="testSuite" />
		</Unit>
		<Unit filename="src/wp43s/assign.h">
			<Option target="wp43s" />
			<Option target="wp43s_debug" />
			<Option target="testSuite" />
		</Unit>
		<Unit filename="src/wp43s/browsers/browsers.h">
			<Option target="wp43s" />
			<Option target="wp43s_debug" />
			<Option target="testSuite" />
		</Unit>
		<Unit filename="src/wp43s/browsers/flagBrowser.c">
			<Option compilerVar="CC" />
			<Option target="wp43s" />
			<Option target="wp43s_debug" />
			<Option target="testSuite" />
		</Unit>
		<Unit filename="src/wp43s/browsers/flagBrowser.h">
			<Option target="wp43s" />
			<Option target="wp43s_debug" />
			<Option target="testSuite" />
		</Unit>
		<Unit filename="src/wp43s/browsers/fontBrowser.c">
			<Option compilerVar="CC" />
			<Option target="wp43s" />
			<Option target="wp43s_debug" />
			<Option target="testSuite" />
		</Unit>
		<Unit filename="src/wp43s/browsers/fontBrowser.h">
			<Option target="wp43s" />
			<Option target="wp43s_debug" />
			<Option target="testSuite" />
		</Unit>
		<Unit filename="src/wp43s/browsers/registerBrowser.c">
			<Option compilerVar="CC" />
			<Option target="wp43s" />
			<Option target="wp43s_debug" />
			<Option target="testSuite" />
		</Unit>
		<Unit filename="src/wp43s/browsers/registerBrowser.h">
			<Option target="wp43s" />
			<Option target="wp43s_debug" />
			<Option target="testSuite" />
		</Unit>
		<Unit filename="src/wp43s/bufferize.c">
			<Option compilerVar="CC" />
			<Option target="wp43s" />
			<Option target="wp43s_debug" />
			<Option target="testSuite" />
		</Unit>
		<Unit filename="src/wp43s/bufferize.h">
			<Option target="wp43s" />
			<Option target="wp43s_debug" />
			<Option target="testSuite" />
		</Unit>
		<Unit filename="src/wp43s/charString.c">
			<Option compilerVar="CC" />
			<Option target="wp43s" />
			<Option target="wp43s_debug" />
			<Option target="testSuite" />
			<Option target="generateCatalogs" />
		</Unit>
		<Unit filename="src/wp43s/charString.h">
			<Option target="wp43s" />
			<Option target="wp43s_debug" />
			<Option target="testSuite" />
			<Option target="generateCatalogs" />
		</Unit>
		<Unit filename="src/wp43s/config.c">
			<Option compilerVar="CC" />
			<Option target="wp43s" />
			<Option target="wp43s_debug" />
			<Option target="testSuite" />
		</Unit>
		<Unit filename="src/wp43s/config.h">
			<Option target="wp43s" />
			<Option target="wp43s_debug" />
			<Option target="testSuite" />
		</Unit>
		<Unit filename="src/generated/constantPointers.c">
			<Option compilerVar="CC" />
			<Option target="wp43s" />
			<Option target="wp43s_debug" />
			<Option target="testSuite" />
		</Unit>
		<Unit filename="src/generated/constantPointers.h">
			<Option target="wp43s" />
			<Option target="wp43s_debug" />
			<Option target="testSuite" />
		</Unit>
		<Unit filename="src/wp43s/constants.c">
			<Option compilerVar="CC" />
			<Option target="wp43s" />
			<Option target="wp43s_debug" />
			<Option target="testSuite" />
		</Unit>
		<Unit filename="src/wp43s/constants.h">
			<Option target="wp43s" />
			<Option target="wp43s_debug" />
			<Option target="testSuite" />
		</Unit>
		<Unit filename="src/wp43s/conversionAngles.c">
			<Option compilerVar="CC" />
			<Option target="wp43s" />
			<Option target="wp43s_debug" />
			<Option target="testSuite" />
		</Unit>
		<Unit filename="src/wp43s/conversionAngles.h">
			<Option target="wp43s" />
			<Option target="wp43s_debug" />
			<Option target="testSuite" />
		</Unit>
		<Unit filename="src/wp43s/conversionUnits.c">
			<Option compilerVar="CC" />
			<Option target="wp43s" />
			<Option target="wp43s_debug" />
			<Option target="testSuite" />
		</Unit>
		<Unit filename="src/wp43s/conversionUnits.h">
			<Option target="wp43s" />
			<Option target="wp43s_debug" />
			<Option target="testSuite" />
		</Unit>
		<Unit filename="src/wp43s/curveFitting.c">
			<Option compilerVar="CC" />
			<Option target="wp43s" />
			<Option target="wp43s_debug" />
			<Option target="testSuite" />
		</Unit>
		<Unit filename="src/wp43s/curveFitting.h">
			<Option target="wp43s" />
			<Option target="wp43s_debug" />
			<Option target="testSuite" />
		</Unit>
		<Unit filename="src/wp43s/dateTime.c">
			<Option compilerVar="CC" />
			<Option target="wp43s" />
			<Option target="wp43s_debug" />
			<Option target="testSuite" />
		</Unit>
		<Unit filename="src/wp43s/dateTime.h">
			<Option target="wp43s" />
			<Option target="wp43s_debug" />
			<Option target="testSuite" />
		</Unit>
		<Unit filename="src/wp43s/debug.c">
			<Option compilerVar="CC" />
			<Option target="wp43s" />
			<Option target="wp43s_debug" />
			<Option target="testSuite" />
		</Unit>
		<Unit filename="src/wp43s/debug.h">
			<Option target="wp43s" />
			<Option target="wp43s_debug" />
			<Option target="testSuite" />
		</Unit>
		<Unit filename="src/wp43s/decNumberWrappers.h">
			<Option target="wp43s" />
			<Option target="wp43s_debug" />
			<Option target="generateConstants" />
			<Option target="testSuite" />
		</Unit>
		<Unit filename="src/wp43s/defines.h">
			<Option target="wp43s" />
			<Option target="wp43s_debug" />
			<Option target="generateConstants" />
			<Option target="generateCatalogs" />
			<Option target="testSuite" />
		</Unit>
		<Unit filename="src/wp43s/display.c">
			<Option compilerVar="CC" />
			<Option target="wp43s" />
			<Option target="wp43s_debug" />
			<Option target="testSuite" />
		</Unit>
		<Unit filename="src/wp43s/display.h">
			<Option target="wp43s" />
			<Option target="wp43s_debug" />
			<Option target="testSuite" />
		</Unit>
		<Unit filename="src/wp43s/distributions/binomial.c">
			<Option compilerVar="CC" />
			<Option target="wp43s" />
			<Option target="wp43s_debug" />
			<Option target="testSuite" />
		</Unit>
		<Unit filename="src/wp43s/distributions/binomial.h">
			<Option target="wp43s" />
			<Option target="wp43s_debug" />
			<Option target="testSuite" />
		</Unit>
		<Unit filename="src/wp43s/distributions/cauchy.c">
			<Option compilerVar="CC" />
			<Option target="wp43s" />
			<Option target="wp43s_debug" />
			<Option target="testSuite" />
		</Unit>
		<Unit filename="src/wp43s/distributions/cauchy.h">
			<Option target="wp43s" />
			<Option target="wp43s_debug" />
			<Option target="testSuite" />
		</Unit>
		<Unit filename="src/wp43s/distributions/chi2.c">
			<Option compilerVar="CC" />
			<Option target="wp43s" />
			<Option target="wp43s_debug" />
			<Option target="testSuite" />
		</Unit>
		<Unit filename="src/wp43s/distributions/chi2.h">
			<Option target="wp43s" />
			<Option target="wp43s_debug" />
			<Option target="testSuite" />
		</Unit>
		<Unit filename="src/wp43s/distributions/distributions.h">
			<Option target="wp43s" />
			<Option target="wp43s_debug" />
			<Option target="testSuite" />
		</Unit>
		<Unit filename="src/wp43s/distributions/exponential.c">
			<Option compilerVar="CC" />
			<Option target="wp43s" />
			<Option target="wp43s_debug" />
			<Option target="testSuite" />
		</Unit>
		<Unit filename="src/wp43s/distributions/exponential.h">
			<Option target="wp43s" />
			<Option target="wp43s_debug" />
			<Option target="testSuite" />
		</Unit>
		<Unit filename="src/wp43s/distributions/f.c">
			<Option compilerVar="CC" />
			<Option target="wp43s" />
			<Option target="wp43s_debug" />
			<Option target="testSuite" />
		</Unit>
		<Unit filename="src/wp43s/distributions/f.h">
			<Option target="wp43s" />
			<Option target="wp43s_debug" />
			<Option target="testSuite" />
		</Unit>
		<Unit filename="src/wp43s/distributions/geometric.c">
			<Option compilerVar="CC" />
			<Option target="wp43s" />
			<Option target="wp43s_debug" />
			<Option target="testSuite" />
		</Unit>
		<Unit filename="src/wp43s/distributions/geometric.h">
			<Option target="wp43s" />
			<Option target="wp43s_debug" />
			<Option target="testSuite" />
		</Unit>
		<Unit filename="src/wp43s/distributions/hyper.c">
			<Option compilerVar="CC" />
			<Option target="wp43s" />
			<Option target="wp43s_debug" />
			<Option target="testSuite" />
		</Unit>
		<Unit filename="src/wp43s/distributions/hyper.h">
			<Option target="wp43s" />
			<Option target="wp43s_debug" />
			<Option target="testSuite" />
		</Unit>
		<Unit filename="src/wp43s/distributions/logistic.c">
			<Option compilerVar="CC" />
			<Option target="wp43s" />
			<Option target="wp43s_debug" />
			<Option target="testSuite" />
		</Unit>
		<Unit filename="src/wp43s/distributions/logistic.h">
			<Option target="wp43s" />
			<Option target="wp43s_debug" />
			<Option target="testSuite" />
		</Unit>
		<Unit filename="src/wp43s/distributions/negBinom.c">
			<Option compilerVar="CC" />
			<Option target="wp43s" />
			<Option target="wp43s_debug" />
			<Option target="testSuite" />
		</Unit>
		<Unit filename="src/wp43s/distributions/negBinom.h">
			<Option target="wp43s" />
			<Option target="wp43s_debug" />
			<Option target="testSuite" />
		</Unit>
		<Unit filename="src/wp43s/distributions/normal.c">
			<Option compilerVar="CC" />
			<Option target="wp43s" />
			<Option target="wp43s_debug" />
			<Option target="testSuite" />
		</Unit>
		<Unit filename="src/wp43s/distributions/normal.h">
			<Option target="wp43s" />
			<Option target="wp43s_debug" />
			<Option target="testSuite" />
		</Unit>
		<Unit filename="src/wp43s/distributions/poisson.c">
			<Option compilerVar="CC" />
			<Option target="wp43s" />
			<Option target="wp43s_debug" />
			<Option target="testSuite" />
		</Unit>
		<Unit filename="src/wp43s/distributions/poisson.h">
			<Option target="wp43s" />
			<Option target="wp43s_debug" />
			<Option target="testSuite" />
		</Unit>
		<Unit filename="src/wp43s/distributions/t.c">
			<Option compilerVar="CC" />
			<Option target="wp43s" />
			<Option target="wp43s_debug" />
			<Option target="testSuite" />
		</Unit>
		<Unit filename="src/wp43s/distributions/t.h">
			<Option target="wp43s" />
			<Option target="wp43s_debug" />
			<Option target="testSuite" />
		</Unit>
		<Unit filename="src/wp43s/distributions/weibull.c">
			<Option compilerVar="CC" />
			<Option target="wp43s" />
			<Option target="wp43s_debug" />
			<Option target="testSuite" />
		</Unit>
		<Unit filename="src/wp43s/distributions/weibull.h">
			<Option target="wp43s" />
			<Option target="wp43s_debug" />
			<Option target="testSuite" />
		</Unit>
		<Unit filename="src/wp43s/error.c">
			<Option compilerVar="CC" />
			<Option target="wp43s" />
			<Option target="wp43s_debug" />
			<Option target="testSuite" />
		</Unit>
		<Unit filename="src/wp43s/error.h">
			<Option target="wp43s" />
			<Option target="wp43s_debug" />
			<Option target="testSuite" />
		</Unit>
		<Unit filename="src/wp43s/flags.c">
			<Option compilerVar="CC" />
			<Option target="wp43s" />
			<Option target="wp43s_debug" />
			<Option target="testSuite" />
		</Unit>
		<Unit filename="src/wp43s/flags.h">
			<Option target="wp43s" />
			<Option target="wp43s_debug" />
			<Option target="testSuite" />
		</Unit>
		<Unit filename="src/wp43s/fonts.c">
			<Option compilerVar="CC" />
			<Option target="wp43s" />
			<Option target="wp43s_debug" />
			<Option target="testSuite" />
			<Option target="generateCatalogs" />
		</Unit>
		<Unit filename="src/wp43s/fonts.h">
			<Option target="wp43s" />
			<Option target="wp43s_debug" />
			<Option target="testSuite" />
			<Option target="generateCatalogs" />
		</Unit>
		<Unit filename="src/wp43s/fractions.c">
			<Option compilerVar="CC" />
			<Option target="wp43s" />
			<Option target="wp43s_debug" />
			<Option target="testSuite" />
		</Unit>
		<Unit filename="src/wp43s/fractions.h">
			<Option target="wp43s" />
			<Option target="wp43s_debug" />
			<Option target="testSuite" />
		</Unit>
		<Unit filename="src/wp43s/gmpWrappers.h">
			<Option target="wp43s" />
			<Option target="wp43s_debug" />
			<Option target="testSuite" />
		</Unit>
		<Unit filename="src/wp43s/gui.c">
			<Option compilerVar="CC" />
			<Option target="wp43s" />
			<Option target="wp43s_debug" />
			<Option target="testSuite" />
		</Unit>
		<Unit filename="src/wp43s/gui.h">
			<Option target="wp43s" />
			<Option target="wp43s_debug" />
			<Option target="testSuite" />
		</Unit>
		<Unit filename="src/wp43s/integers.c">
			<Option compilerVar="CC" />
			<Option target="wp43s" />
			<Option target="wp43s_debug" />
			<Option target="testSuite" />
		</Unit>
		<Unit filename="src/wp43s/integers.h">
			<Option target="wp43s" />
			<Option target="wp43s_debug" />
			<Option target="testSuite" />
		</Unit>
		<Unit filename="src/wp43s/items.c">
			<Option compilerVar="CC" />
			<Option target="wp43s" />
			<Option target="wp43s_debug" />
			<Option target="testSuite" />
			<Option target="generateCatalogs" />
		</Unit>
		<Unit filename="src/wp43s/items.h">
			<Option target="wp43s" />
			<Option target="wp43s_debug" />
			<Option target="testSuite" />
			<Option target="generateCatalogs" />
			<Option target="generateTestPgms" />
		</Unit>
		<Unit filename="src/wp43s/keyboard.c">
			<Option compilerVar="CC" />
			<Option target="wp43s" />
			<Option target="wp43s_debug" />
			<Option target="testSuite" />
		</Unit>
		<Unit filename="src/wp43s/keyboard.h">
			<Option target="wp43s" />
			<Option target="wp43s_debug" />
			<Option target="testSuite" />
		</Unit>
		<Unit filename="src/wp43s/logicalOps/and.c">
			<Option compilerVar="CC" />
			<Option target="wp43s" />
			<Option target="wp43s_debug" />
			<Option target="testSuite" />
		</Unit>
		<Unit filename="src/wp43s/logicalOps/and.h">
			<Option target="wp43s" />
			<Option target="wp43s_debug" />
			<Option target="testSuite" />
		</Unit>
		<Unit filename="src/wp43s/logicalOps/countBits.c">
			<Option compilerVar="CC" />
			<Option target="wp43s" />
			<Option target="wp43s_debug" />
			<Option target="testSuite" />
		</Unit>
		<Unit filename="src/wp43s/logicalOps/countBits.h">
			<Option target="wp43s" />
			<Option target="wp43s_debug" />
			<Option target="testSuite" />
		</Unit>
		<Unit filename="src/wp43s/logicalOps/logicalOps.h">
			<Option target="wp43s" />
			<Option target="wp43s_debug" />
			<Option target="testSuite" />
		</Unit>
		<Unit filename="src/wp43s/logicalOps/mask.c">
			<Option compilerVar="CC" />
			<Option target="wp43s" />
			<Option target="wp43s_debug" />
			<Option target="testSuite" />
		</Unit>
		<Unit filename="src/wp43s/logicalOps/mask.h">
			<Option target="wp43s" />
			<Option target="wp43s_debug" />
			<Option target="testSuite" />
		</Unit>
		<Unit filename="src/wp43s/logicalOps/nand.c">
			<Option compilerVar="CC" />
			<Option target="wp43s" />
			<Option target="wp43s_debug" />
			<Option target="testSuite" />
		</Unit>
		<Unit filename="src/wp43s/logicalOps/nand.h">
			<Option target="wp43s" />
			<Option target="wp43s_debug" />
			<Option target="testSuite" />
		</Unit>
		<Unit filename="src/wp43s/logicalOps/nor.c">
			<Option compilerVar="CC" />
			<Option target="wp43s" />
			<Option target="wp43s_debug" />
			<Option target="testSuite" />
		</Unit>
		<Unit filename="src/wp43s/logicalOps/nor.h">
			<Option target="wp43s" />
			<Option target="wp43s_debug" />
			<Option target="testSuite" />
		</Unit>
		<Unit filename="src/wp43s/logicalOps/not.c">
			<Option compilerVar="CC" />
			<Option target="wp43s" />
			<Option target="wp43s_debug" />
			<Option target="testSuite" />
		</Unit>
		<Unit filename="src/wp43s/logicalOps/not.h">
			<Option target="wp43s" />
			<Option target="wp43s_debug" />
			<Option target="testSuite" />
		</Unit>
		<Unit filename="src/wp43s/logicalOps/or.c">
			<Option compilerVar="CC" />
			<Option target="wp43s" />
			<Option target="wp43s_debug" />
			<Option target="testSuite" />
		</Unit>
		<Unit filename="src/wp43s/logicalOps/or.h">
			<Option target="wp43s" />
			<Option target="wp43s_debug" />
			<Option target="testSuite" />
		</Unit>
		<Unit filename="src/wp43s/logicalOps/rotateBits.c">
			<Option compilerVar="CC" />
			<Option target="wp43s" />
			<Option target="wp43s_debug" />
			<Option target="testSuite" />
		</Unit>
		<Unit filename="src/wp43s/logicalOps/rotateBits.h">
			<Option target="wp43s" />
			<Option target="wp43s_debug" />
			<Option target="testSuite" />
		</Unit>
		<Unit filename="src/wp43s/logicalOps/setClearFlipBits.c">
			<Option compilerVar="CC" />
			<Option target="wp43s" />
			<Option target="wp43s_debug" />
			<Option target="testSuite" />
		</Unit>
		<Unit filename="src/wp43s/logicalOps/setClearFlipBits.h">
			<Option target="wp43s" />
			<Option target="wp43s_debug" />
			<Option target="testSuite" />
		</Unit>
		<Unit filename="src/wp43s/logicalOps/xnor.c">
			<Option compilerVar="CC" />
			<Option target="wp43s" />
			<Option target="wp43s_debug" />
			<Option target="testSuite" />
		</Unit>
		<Unit filename="src/wp43s/logicalOps/xnor.h">
			<Option target="wp43s" />
			<Option target="wp43s_debug" />
			<Option target="testSuite" />
		</Unit>
		<Unit filename="src/wp43s/logicalOps/xor.c">
			<Option compilerVar="CC" />
			<Option target="wp43s" />
			<Option target="wp43s_debug" />
			<Option target="testSuite" />
		</Unit>
		<Unit filename="src/wp43s/logicalOps/xor.h">
			<Option target="wp43s" />
			<Option target="wp43s_debug" />
			<Option target="testSuite" />
		</Unit>
		<Unit filename="src/wp43s/mathematics/10pow.c">
			<Option compilerVar="CC" />
			<Option target="wp43s" />
			<Option target="wp43s_debug" />
			<Option target="testSuite" />
		</Unit>
		<Unit filename="src/wp43s/mathematics/10pow.h">
			<Option target="wp43s" />
			<Option target="wp43s_debug" />
			<Option target="testSuite" />
		</Unit>
		<Unit filename="src/wp43s/mathematics/2pow.c">
			<Option compilerVar="CC" />
			<Option target="wp43s" />
			<Option target="wp43s_debug" />
			<Option target="testSuite" />
		</Unit>
		<Unit filename="src/wp43s/mathematics/2pow.h">
			<Option target="wp43s" />
			<Option target="wp43s_debug" />
			<Option target="testSuite" />
		</Unit>
		<Unit filename="src/wp43s/mathematics/addition.c">
			<Option compilerVar="CC" />
			<Option target="wp43s" />
			<Option target="wp43s_debug" />
			<Option target="testSuite" />
		</Unit>
		<Unit filename="src/wp43s/mathematics/addition.h">
			<Option target="wp43s" />
			<Option target="wp43s_debug" />
			<Option target="testSuite" />
		</Unit>
		<Unit filename="src/wp43s/mathematics/agm.c">
			<Option compilerVar="CC" />
			<Option target="wp43s" />
			<Option target="wp43s_debug" />
			<Option target="testSuite" />
		</Unit>
		<Unit filename="src/wp43s/mathematics/agm.h">
			<Option target="wp43s" />
			<Option target="wp43s_debug" />
			<Option target="testSuite" />
		</Unit>
		<Unit filename="src/wp43s/mathematics/arccos.c">
			<Option compilerVar="CC" />
			<Option target="wp43s" />
			<Option target="wp43s_debug" />
			<Option target="testSuite" />
		</Unit>
		<Unit filename="src/wp43s/mathematics/arccos.h">
			<Option target="wp43s" />
			<Option target="wp43s_debug" />
			<Option target="testSuite" />
		</Unit>
		<Unit filename="src/wp43s/mathematics/arccosh.c">
			<Option compilerVar="CC" />
			<Option target="wp43s" />
			<Option target="wp43s_debug" />
			<Option target="testSuite" />
		</Unit>
		<Unit filename="src/wp43s/mathematics/arccosh.h">
			<Option target="wp43s" />
			<Option target="wp43s_debug" />
			<Option target="testSuite" />
		</Unit>
		<Unit filename="src/wp43s/mathematics/arcsin.c">
			<Option compilerVar="CC" />
			<Option target="wp43s" />
			<Option target="wp43s_debug" />
			<Option target="testSuite" />
		</Unit>
		<Unit filename="src/wp43s/mathematics/arcsin.h">
			<Option target="wp43s" />
			<Option target="wp43s_debug" />
			<Option target="testSuite" />
		</Unit>
		<Unit filename="src/wp43s/mathematics/arcsinh.c">
			<Option compilerVar="CC" />
			<Option target="wp43s" />
			<Option target="wp43s_debug" />
			<Option target="testSuite" />
		</Unit>
		<Unit filename="src/wp43s/mathematics/arcsinh.h">
			<Option target="wp43s" />
			<Option target="wp43s_debug" />
			<Option target="testSuite" />
		</Unit>
		<Unit filename="src/wp43s/mathematics/arctan.c">
			<Option compilerVar="CC" />
			<Option target="wp43s" />
			<Option target="wp43s_debug" />
			<Option target="testSuite" />
		</Unit>
		<Unit filename="src/wp43s/mathematics/arctan.h">
			<Option target="wp43s" />
			<Option target="wp43s_debug" />
			<Option target="testSuite" />
		</Unit>
		<Unit filename="src/wp43s/mathematics/arctanh.c">
			<Option compilerVar="CC" />
			<Option target="wp43s" />
			<Option target="wp43s_debug" />
			<Option target="testSuite" />
		</Unit>
		<Unit filename="src/wp43s/mathematics/arctanh.h">
			<Option target="wp43s" />
			<Option target="wp43s_debug" />
			<Option target="testSuite" />
		</Unit>
		<Unit filename="src/wp43s/mathematics/arg.c">
			<Option compilerVar="CC" />
			<Option target="wp43s" />
			<Option target="wp43s_debug" />
			<Option target="testSuite" />
		</Unit>
		<Unit filename="src/wp43s/mathematics/arg.h">
			<Option target="wp43s" />
			<Option target="wp43s_debug" />
			<Option target="testSuite" />
		</Unit>
		<Unit filename="src/wp43s/mathematics/bessel.c">
			<Option compilerVar="CC" />
			<Option target="wp43s" />
			<Option target="wp43s_debug" />
			<Option target="testSuite" />
		</Unit>
		<Unit filename="src/wp43s/mathematics/bessel.h">
			<Option target="wp43s" />
			<Option target="wp43s_debug" />
			<Option target="testSuite" />
		</Unit>
		<Unit filename="src/wp43s/mathematics/beta.c">
			<Option compilerVar="CC" />
			<Option target="wp43s" />
			<Option target="wp43s_debug" />
			<Option target="testSuite" />
		</Unit>
		<Unit filename="src/wp43s/mathematics/beta.h">
			<Option target="wp43s" />
			<Option target="wp43s_debug" />
			<Option target="testSuite" />
		</Unit>
		<Unit filename="src/wp43s/mathematics/bn.c">
			<Option compilerVar="CC" />
			<Option target="wp43s" />
			<Option target="wp43s_debug" />
			<Option target="testSuite" />
		</Unit>
		<Unit filename="src/wp43s/mathematics/bn.h">
			<Option target="wp43s" />
			<Option target="wp43s_debug" />
			<Option target="testSuite" />
		</Unit>
		<Unit filename="src/wp43s/mathematics/ceil.c">
			<Option compilerVar="CC" />
			<Option target="wp43s" />
			<Option target="wp43s_debug" />
			<Option target="testSuite" />
		</Unit>
		<Unit filename="src/wp43s/mathematics/ceil.h">
			<Option target="wp43s" />
			<Option target="wp43s_debug" />
			<Option target="testSuite" />
		</Unit>
		<Unit filename="src/wp43s/mathematics/changeSign.c">
			<Option compilerVar="CC" />
			<Option target="wp43s" />
			<Option target="wp43s_debug" />
			<Option target="testSuite" />
		</Unit>
		<Unit filename="src/wp43s/mathematics/changeSign.h">
			<Option target="wp43s" />
			<Option target="wp43s_debug" />
			<Option target="testSuite" />
		</Unit>
		<Unit filename="src/wp43s/mathematics/checkValue.c">
			<Option compilerVar="CC" />
			<Option target="wp43s" />
			<Option target="wp43s_debug" />
			<Option target="testSuite" />
		</Unit>
		<Unit filename="src/wp43s/mathematics/checkValue.h">
			<Option target="wp43s" />
			<Option target="wp43s_debug" />
			<Option target="testSuite" />
		</Unit>
		<Unit filename="src/wp43s/mathematics/compare.c">
			<Option compilerVar="CC" />
			<Option target="wp43s" />
			<Option target="wp43s_debug" />
			<Option target="testSuite" />
		</Unit>
		<Unit filename="src/wp43s/mathematics/compare.h">
			<Option target="wp43s" />
			<Option target="wp43s_debug" />
			<Option target="testSuite" />
		</Unit>
		<Unit filename="src/wp43s/mathematics/comparisonReals.c">
			<Option compilerVar="CC" />
			<Option target="wp43s" />
			<Option target="wp43s_debug" />
			<Option target="testSuite" />
		</Unit>
		<Unit filename="src/wp43s/mathematics/comparisonReals.h">
			<Option target="wp43s" />
			<Option target="wp43s_debug" />
			<Option target="testSuite" />
		</Unit>
		<Unit filename="src/wp43s/mathematics/conjugate.c">
			<Option compilerVar="CC" />
			<Option target="wp43s" />
			<Option target="wp43s_debug" />
			<Option target="testSuite" />
		</Unit>
		<Unit filename="src/wp43s/mathematics/conjugate.h">
			<Option target="wp43s" />
			<Option target="wp43s_debug" />
			<Option target="testSuite" />
		</Unit>
		<Unit filename="src/wp43s/mathematics/cos.c">
			<Option compilerVar="CC" />
			<Option target="wp43s" />
			<Option target="wp43s_debug" />
			<Option target="testSuite" />
		</Unit>
		<Unit filename="src/wp43s/mathematics/cos.h">
			<Option target="wp43s" />
			<Option target="wp43s_debug" />
			<Option target="testSuite" />
		</Unit>
		<Unit filename="src/wp43s/mathematics/cosh.c">
			<Option compilerVar="CC" />
			<Option target="wp43s" />
			<Option target="wp43s_debug" />
			<Option target="testSuite" />
		</Unit>
		<Unit filename="src/wp43s/mathematics/cosh.h">
			<Option target="wp43s" />
			<Option target="wp43s_debug" />
			<Option target="testSuite" />
		</Unit>
		<Unit filename="src/wp43s/mathematics/cpyx.c">
			<Option compilerVar="CC" />
			<Option target="wp43s" />
			<Option target="wp43s_debug" />
			<Option target="testSuite" />
		</Unit>
		<Unit filename="src/wp43s/mathematics/cpyx.h">
			<Option target="wp43s" />
			<Option target="wp43s_debug" />
			<Option target="testSuite" />
		</Unit>
		<Unit filename="src/wp43s/mathematics/cross.c">
			<Option compilerVar="CC" />
			<Option target="wp43s" />
			<Option target="wp43s_debug" />
			<Option target="testSuite" />
		</Unit>
		<Unit filename="src/wp43s/mathematics/cross.h">
			<Option target="wp43s" />
			<Option target="wp43s_debug" />
			<Option target="testSuite" />
		</Unit>
		<Unit filename="src/wp43s/mathematics/cube.c">
			<Option compilerVar="CC" />
			<Option target="wp43s" />
			<Option target="wp43s_debug" />
			<Option target="testSuite" />
		</Unit>
		<Unit filename="src/wp43s/mathematics/cube.h">
			<Option target="wp43s" />
			<Option target="wp43s_debug" />
			<Option target="testSuite" />
		</Unit>
		<Unit filename="src/wp43s/mathematics/cubeRoot.c">
			<Option compilerVar="CC" />
			<Option target="wp43s" />
			<Option target="wp43s_debug" />
			<Option target="testSuite" />
		</Unit>
		<Unit filename="src/wp43s/mathematics/cubeRoot.h">
			<Option target="wp43s" />
			<Option target="wp43s_debug" />
			<Option target="testSuite" />
		</Unit>
		<Unit filename="src/wp43s/mathematics/cxToRe.c">
			<Option compilerVar="CC" />
			<Option target="wp43s" />
			<Option target="wp43s_debug" />
			<Option target="generateMenuFCNS" />
			<Option target="testSuite" />
		</Unit>
		<Unit filename="src/wp43s/mathematics/cxToRe.h">
			<Option target="wp43s" />
			<Option target="wp43s_debug" />
			<Option target="generateMenuFCNS" />
			<Option target="testSuite" />
		</Unit>
		<Unit filename="src/wp43s/mathematics/dblDivision.c">
			<Option compilerVar="CC" />
			<Option target="wp43s" />
			<Option target="wp43s_debug" />
			<Option target="testSuite" />
		</Unit>
		<Unit filename="src/wp43s/mathematics/dblDivision.h">
			<Option target="wp43s" />
			<Option target="wp43s_debug" />
			<Option target="testSuite" />
		</Unit>
		<Unit filename="src/wp43s/mathematics/dblMultiplication.c">
			<Option compilerVar="CC" />
			<Option target="wp43s" />
			<Option target="wp43s_debug" />
			<Option target="testSuite" />
		</Unit>
		<Unit filename="src/wp43s/mathematics/dblMultiplication.h">
			<Option target="wp43s" />
			<Option target="wp43s_debug" />
			<Option target="testSuite" />
		</Unit>
		<Unit filename="src/wp43s/mathematics/decomp.c">
			<Option compilerVar="CC" />
			<Option target="wp43s" />
			<Option target="wp43s_debug" />
			<Option target="testSuite" />
		</Unit>
		<Unit filename="src/wp43s/mathematics/decomp.h">
			<Option target="wp43s" />
			<Option target="wp43s_debug" />
			<Option target="testSuite" />
		</Unit>
		<Unit filename="src/wp43s/mathematics/deltaPercent.c">
			<Option compilerVar="CC" />
			<Option target="wp43s" />
			<Option target="wp43s_debug" />
			<Option target="testSuite" />
		</Unit>
		<Unit filename="src/wp43s/mathematics/deltaPercent.h">
			<Option target="wp43s" />
			<Option target="wp43s_debug" />
			<Option target="testSuite" />
		</Unit>
		<Unit filename="src/wp43s/mathematics/division.c">
			<Option compilerVar="CC" />
			<Option target="wp43s" />
			<Option target="wp43s_debug" />
			<Option target="testSuite" />
		</Unit>
		<Unit filename="src/wp43s/mathematics/division.h">
			<Option target="wp43s" />
			<Option target="wp43s_debug" />
			<Option target="testSuite" />
		</Unit>
		<Unit filename="src/wp43s/mathematics/dot.c">
			<Option compilerVar="CC" />
			<Option target="wp43s" />
			<Option target="wp43s_debug" />
			<Option target="testSuite" />
		</Unit>
		<Unit filename="src/wp43s/mathematics/dot.h">
			<Option target="wp43s" />
			<Option target="wp43s_debug" />
			<Option target="testSuite" />
		</Unit>
		<Unit filename="src/wp43s/mathematics/erf.c">
			<Option compilerVar="CC" />
			<Option target="wp43s" />
			<Option target="wp43s_debug" />
			<Option target="testSuite" />
		</Unit>
		<Unit filename="src/wp43s/mathematics/erf.h">
			<Option target="wp43s" />
			<Option target="wp43s_debug" />
			<Option target="testSuite" />
		</Unit>
		<Unit filename="src/wp43s/mathematics/erfc.c">
			<Option compilerVar="CC" />
			<Option target="wp43s" />
			<Option target="wp43s_debug" />
			<Option target="testSuite" />
		</Unit>
		<Unit filename="src/wp43s/mathematics/erfc.h">
			<Option target="wp43s" />
			<Option target="wp43s_debug" />
			<Option target="testSuite" />
		</Unit>
		<Unit filename="src/wp43s/mathematics/exp.c">
			<Option compilerVar="CC" />
			<Option target="wp43s" />
			<Option target="wp43s_debug" />
			<Option target="testSuite" />
		</Unit>
		<Unit filename="src/wp43s/mathematics/exp.h">
			<Option target="wp43s" />
			<Option target="wp43s_debug" />
			<Option target="testSuite" />
		</Unit>
		<Unit filename="src/wp43s/mathematics/expMOne.c">
			<Option compilerVar="CC" />
			<Option target="wp43s" />
			<Option target="wp43s_debug" />
			<Option target="testSuite" />
		</Unit>
		<Unit filename="src/wp43s/mathematics/expMOne.h">
			<Option target="wp43s" />
			<Option target="wp43s_debug" />
			<Option target="testSuite" />
		</Unit>
		<Unit filename="src/wp43s/mathematics/expt.c">
			<Option compilerVar="CC" />
			<Option target="wp43s" />
			<Option target="wp43s_debug" />
			<Option target="testSuite" />
		</Unit>
		<Unit filename="src/wp43s/mathematics/expt.h">
			<Option target="wp43s" />
			<Option target="wp43s_debug" />
			<Option target="testSuite" />
		</Unit>
		<Unit filename="src/wp43s/mathematics/factorial.c">
			<Option compilerVar="CC" />
			<Option target="wp43s" />
			<Option target="wp43s_debug" />
			<Option target="testSuite" />
		</Unit>
		<Unit filename="src/wp43s/mathematics/factorial.h">
			<Option target="wp43s" />
			<Option target="wp43s_debug" />
			<Option target="testSuite" />
		</Unit>
		<Unit filename="src/wp43s/mathematics/fib.c">
			<Option compilerVar="CC" />
			<Option target="wp43s" />
			<Option target="wp43s_debug" />
			<Option target="testSuite" />
		</Unit>
		<Unit filename="src/wp43s/mathematics/fib.h">
			<Option target="wp43s" />
			<Option target="wp43s_debug" />
			<Option target="testSuite" />
		</Unit>
		<Unit filename="src/wp43s/mathematics/floor.c">
			<Option compilerVar="CC" />
			<Option target="wp43s" />
			<Option target="wp43s_debug" />
			<Option target="testSuite" />
		</Unit>
		<Unit filename="src/wp43s/mathematics/floor.h">
			<Option target="wp43s" />
			<Option target="wp43s_debug" />
			<Option target="testSuite" />
		</Unit>
		<Unit filename="src/wp43s/mathematics/fractionalPart.c">
			<Option compilerVar="CC" />
			<Option target="wp43s" />
			<Option target="wp43s_debug" />
			<Option target="testSuite" />
		</Unit>
		<Unit filename="src/wp43s/mathematics/fractionalPart.h">
			<Option target="wp43s" />
			<Option target="wp43s_debug" />
			<Option target="testSuite" />
		</Unit>
		<Unit filename="src/wp43s/mathematics/gamma.c">
			<Option compilerVar="CC" />
			<Option target="wp43s" />
			<Option target="wp43s_debug" />
			<Option target="testSuite" />
		</Unit>
		<Unit filename="src/wp43s/mathematics/gamma.h">
			<Option target="wp43s" />
			<Option target="wp43s_debug" />
			<Option target="testSuite" />
		</Unit>
		<Unit filename="src/wp43s/mathematics/gammaP.c">
			<Option compilerVar="CC" />
			<Option target="wp43s" />
			<Option target="wp43s_debug" />
			<Option target="testSuite" />
		</Unit>
		<Unit filename="src/wp43s/mathematics/gammaP.h">
			<Option target="wp43s" />
			<Option target="wp43s_debug" />
			<Option target="testSuite" />
		</Unit>
		<Unit filename="src/wp43s/mathematics/gammaQ.c">
			<Option compilerVar="CC" />
			<Option target="wp43s" />
			<Option target="wp43s_debug" />
			<Option target="testSuite" />
		</Unit>
		<Unit filename="src/wp43s/mathematics/gammaQ.h">
			<Option target="wp43s" />
			<Option target="wp43s_debug" />
			<Option target="testSuite" />
		</Unit>
		<Unit filename="src/wp43s/mathematics/gammaXyLower.c">
			<Option compilerVar="CC" />
			<Option target="wp43s" />
			<Option target="wp43s_debug" />
			<Option target="testSuite" />
		</Unit>
		<Unit filename="src/wp43s/mathematics/gammaXyLower.h">
			<Option target="wp43s" />
			<Option target="wp43s_debug" />
			<Option target="testSuite" />
		</Unit>
		<Unit filename="src/wp43s/mathematics/gammaXyUpper.c">
			<Option compilerVar="CC" />
			<Option target="wp43s" />
			<Option target="wp43s_debug" />
			<Option target="testSuite" />
		</Unit>
		<Unit filename="src/wp43s/mathematics/gammaXyUpper.h">
			<Option target="wp43s" />
			<Option target="wp43s_debug" />
			<Option target="testSuite" />
		</Unit>
		<Unit filename="src/wp43s/mathematics/gcd.c">
			<Option compilerVar="CC" />
			<Option target="wp43s" />
			<Option target="wp43s_debug" />
			<Option target="testSuite" />
		</Unit>
		<Unit filename="src/wp43s/mathematics/gcd.h">
			<Option target="wp43s" />
			<Option target="wp43s_debug" />
			<Option target="testSuite" />
		</Unit>
		<Unit filename="src/wp43s/mathematics/gd.c">
			<Option compilerVar="CC" />
			<Option target="wp43s" />
			<Option target="wp43s_debug" />
			<Option target="testSuite" />
		</Unit>
		<Unit filename="src/wp43s/mathematics/gd.h">
			<Option target="wp43s" />
			<Option target="wp43s_debug" />
			<Option target="testSuite" />
		</Unit>
		<Unit filename="src/wp43s/mathematics/idiv.c">
			<Option compilerVar="CC" />
			<Option target="wp43s" />
			<Option target="wp43s_debug" />
			<Option target="testSuite" />
		</Unit>
		<Unit filename="src/wp43s/mathematics/idiv.h">
			<Option target="wp43s" />
			<Option target="wp43s_debug" />
			<Option target="testSuite" />
		</Unit>
		<Unit filename="src/wp43s/mathematics/idivr.c">
			<Option compilerVar="CC" />
			<Option target="wp43s" />
			<Option target="wp43s_debug" />
			<Option target="testSuite" />
		</Unit>
		<Unit filename="src/wp43s/mathematics/idivr.h">
			<Option target="wp43s" />
			<Option target="wp43s_debug" />
			<Option target="testSuite" />
		</Unit>
		<Unit filename="src/wp43s/mathematics/imaginaryPart.c">
			<Option compilerVar="CC" />
			<Option target="wp43s" />
			<Option target="wp43s_debug" />
			<Option target="testSuite" />
		</Unit>
		<Unit filename="src/wp43s/mathematics/imaginaryPart.h">
			<Option target="wp43s" />
			<Option target="wp43s_debug" />
			<Option target="testSuite" />
		</Unit>
		<Unit filename="src/wp43s/mathematics/incDec.c">
			<Option compilerVar="CC" />
			<Option target="wp43s" />
			<Option target="wp43s_debug" />
			<Option target="testSuite" />
		</Unit>
		<Unit filename="src/wp43s/mathematics/incDec.h">
			<Option compilerVar="CC" />
			<Option target="wp43s" />
			<Option target="wp43s_debug" />
			<Option target="testSuite" />
		</Unit>
		<Unit filename="src/wp43s/mathematics/int.c">
			<Option compilerVar="CC" />
			<Option target="wp43s" />
			<Option target="wp43s_debug" />
			<Option target="testSuite" />
		</Unit>
		<Unit filename="src/wp43s/mathematics/int.h">
			<Option target="wp43s" />
			<Option target="wp43s_debug" />
			<Option target="testSuite" />
		</Unit>
		<Unit filename="src/wp43s/mathematics/integerPart.c">
			<Option compilerVar="CC" />
			<Option target="wp43s" />
			<Option target="wp43s_debug" />
			<Option target="testSuite" />
		</Unit>
		<Unit filename="src/wp43s/mathematics/integerPart.h">
			<Option target="wp43s" />
			<Option target="wp43s_debug" />
			<Option target="testSuite" />
		</Unit>
		<Unit filename="src/wp43s/mathematics/invert.c">
			<Option compilerVar="CC" />
			<Option target="wp43s" />
			<Option target="wp43s_debug" />
			<Option target="testSuite" />
		</Unit>
		<Unit filename="src/wp43s/mathematics/invert.h">
			<Option target="wp43s" />
			<Option target="wp43s_debug" />
			<Option target="testSuite" />
		</Unit>
		<Unit filename="src/wp43s/mathematics/iteration.c">
			<Option compilerVar="CC" />
			<Option target="wp43s" />
			<Option target="wp43s_debug" />
			<Option target="testSuite" />
		</Unit>
		<Unit filename="src/wp43s/mathematics/iteration.h">
			<Option target="wp43s" />
			<Option target="wp43s_debug" />
			<Option target="testSuite" />
		</Unit>
		<Unit filename="src/wp43s/mathematics/ixyz.c">
			<Option compilerVar="CC" />
			<Option target="wp43s" />
			<Option target="wp43s_debug" />
			<Option target="testSuite" />
		</Unit>
		<Unit filename="src/wp43s/mathematics/ixyz.h">
			<Option target="wp43s" />
			<Option target="wp43s_debug" />
			<Option target="testSuite" />
		</Unit>
		<Unit filename="src/wp43s/mathematics/lcm.c">
			<Option compilerVar="CC" />
			<Option target="wp43s" />
			<Option target="wp43s_debug" />
			<Option target="testSuite" />
		</Unit>
		<Unit filename="src/wp43s/mathematics/lcm.h">
			<Option target="wp43s" />
			<Option target="wp43s_debug" />
			<Option target="testSuite" />
		</Unit>
		<Unit filename="src/wp43s/mathematics/ln.c">
			<Option compilerVar="CC" />
			<Option target="wp43s" />
			<Option target="wp43s_debug" />
			<Option target="testSuite" />
		</Unit>
		<Unit filename="src/wp43s/mathematics/ln.h">
			<Option target="wp43s" />
			<Option target="wp43s_debug" />
			<Option target="testSuite" />
		</Unit>
		<Unit filename="src/wp43s/mathematics/lnPOne.c">
			<Option compilerVar="CC" />
			<Option target="wp43s" />
			<Option target="wp43s_debug" />
			<Option target="testSuite" />
		</Unit>
		<Unit filename="src/wp43s/mathematics/lnPOne.h">
			<Option target="wp43s" />
			<Option target="wp43s_debug" />
			<Option target="testSuite" />
		</Unit>
		<Unit filename="src/wp43s/mathematics/lnbeta.c">
			<Option compilerVar="CC" />
			<Option target="wp43s" />
			<Option target="wp43s_debug" />
			<Option target="testSuite" />
		</Unit>
		<Unit filename="src/wp43s/mathematics/lnbeta.h">
			<Option target="wp43s" />
			<Option target="wp43s_debug" />
			<Option target="testSuite" />
		</Unit>
		<Unit filename="src/wp43s/mathematics/log10.c">
			<Option compilerVar="CC" />
			<Option target="wp43s" />
			<Option target="wp43s_debug" />
			<Option target="testSuite" />
		</Unit>
		<Unit filename="src/wp43s/mathematics/log10.h">
			<Option target="wp43s" />
			<Option target="wp43s_debug" />
			<Option target="testSuite" />
		</Unit>
		<Unit filename="src/wp43s/mathematics/log2.c">
			<Option compilerVar="CC" />
			<Option target="wp43s" />
			<Option target="wp43s_debug" />
			<Option target="testSuite" />
		</Unit>
		<Unit filename="src/wp43s/mathematics/log2.h">
			<Option target="wp43s" />
			<Option target="wp43s_debug" />
			<Option target="testSuite" />
		</Unit>
		<Unit filename="src/wp43s/mathematics/logxy.c">
			<Option compilerVar="CC" />
			<Option target="wp43s" />
			<Option target="wp43s_debug" />
			<Option target="testSuite" />
		</Unit>
		<Unit filename="src/wp43s/mathematics/logxy.h">
			<Option target="wp43s" />
			<Option target="wp43s_debug" />
			<Option target="testSuite" />
		</Unit>
		<Unit filename="src/wp43s/mathematics/magnitude.c">
			<Option compilerVar="CC" />
			<Option target="wp43s" />
			<Option target="wp43s_debug" />
			<Option target="testSuite" />
		</Unit>
		<Unit filename="src/wp43s/mathematics/magnitude.h">
			<Option target="wp43s" />
			<Option target="wp43s_debug" />
			<Option target="testSuite" />
		</Unit>
		<Unit filename="src/wp43s/mathematics/mant.c">
			<Option compilerVar="CC" />
			<Option target="wp43s" />
			<Option target="wp43s_debug" />
			<Option target="testSuite" />
		</Unit>
		<Unit filename="src/wp43s/mathematics/mant.h">
			<Option target="wp43s" />
			<Option target="wp43s_debug" />
			<Option target="testSuite" />
		</Unit>
		<Unit filename="src/wp43s/mathematics/mathematics.h">
			<Option target="wp43s" />
			<Option target="wp43s_debug" />
			<Option target="testSuite" />
		</Unit>
		<Unit filename="src/wp43s/mathematics/max.c">
			<Option compilerVar="CC" />
			<Option target="wp43s" />
			<Option target="wp43s_debug" />
			<Option target="testSuite" />
		</Unit>
		<Unit filename="src/wp43s/mathematics/max.h">
			<Option target="wp43s" />
			<Option target="wp43s_debug" />
			<Option target="testSuite" />
		</Unit>
		<Unit filename="src/wp43s/mathematics/mean.c">
			<Option compilerVar="CC" />
			<Option target="wp43s" />
			<Option target="wp43s_debug" />
			<Option target="testSuite" />
		</Unit>
		<Unit filename="src/wp43s/mathematics/mean.h">
			<Option target="wp43s" />
			<Option target="wp43s_debug" />
			<Option target="testSuite" />
		</Unit>
		<Unit filename="src/wp43s/mathematics/min.c">
			<Option compilerVar="CC" />
			<Option target="wp43s" />
			<Option target="wp43s_debug" />
			<Option target="testSuite" />
		</Unit>
		<Unit filename="src/wp43s/mathematics/min.h">
			<Option target="wp43s" />
			<Option target="wp43s_debug" />
			<Option target="testSuite" />
		</Unit>
		<Unit filename="src/wp43s/mathematics/minusOnePow.c">
			<Option compilerVar="CC" />
			<Option target="wp43s" />
			<Option target="wp43s_debug" />
			<Option target="testSuite" />
		</Unit>
		<Unit filename="src/wp43s/mathematics/minusOnePow.h">
			<Option target="wp43s" />
			<Option target="wp43s_debug" />
			<Option target="testSuite" />
		</Unit>
		<Unit filename="src/wp43s/mathematics/modulo.c">
			<Option compilerVar="CC" />
			<Option target="wp43s" />
			<Option target="wp43s_debug" />
			<Option target="testSuite" />
		</Unit>
		<Unit filename="src/wp43s/mathematics/modulo.h">
			<Option target="wp43s" />
			<Option target="wp43s_debug" />
			<Option target="testSuite" />
		</Unit>
		<Unit filename="src/wp43s/mathematics/multiplication.c">
			<Option compilerVar="CC" />
			<Option target="wp43s" />
			<Option target="wp43s_debug" />
			<Option target="testSuite" />
		</Unit>
		<Unit filename="src/wp43s/mathematics/multiplication.h">
			<Option target="wp43s" />
			<Option target="wp43s_debug" />
			<Option target="testSuite" />
		</Unit>
		<Unit filename="src/wp43s/mathematics/neighb.c">
			<Option compilerVar="CC" />
			<Option target="wp43s" />
			<Option target="wp43s_debug" />
			<Option target="testSuite" />
		</Unit>
		<Unit filename="src/wp43s/mathematics/neighb.h">
			<Option target="wp43s" />
			<Option target="wp43s_debug" />
			<Option target="testSuite" />
		</Unit>
		<Unit filename="src/wp43s/mathematics/opmod.c">
			<Option compilerVar="CC" />
			<Option target="wp43s" />
			<Option target="wp43s_debug" />
			<Option target="testSuite" />
		</Unit>
		<Unit filename="src/wp43s/mathematics/opmod.h">
			<Option target="wp43s" />
			<Option target="wp43s_debug" />
			<Option target="testSuite" />
		</Unit>
		<Unit filename="src/wp43s/mathematics/ortho_polynom.c">
			<Option compilerVar="CC" />
			<Option target="wp43s" />
			<Option target="wp43s_debug" />
			<Option target="testSuite" />
		</Unit>
		<Unit filename="src/wp43s/mathematics/ortho_polynom.h">
			<Option target="wp43s" />
			<Option target="wp43s_debug" />
			<Option target="testSuite" />
		</Unit>
		<Unit filename="src/wp43s/mathematics/parallel.c">
			<Option compilerVar="CC" />
			<Option target="wp43s" />
			<Option target="wp43s_debug" />
			<Option target="testSuite" />
		</Unit>
		<Unit filename="src/wp43s/mathematics/parallel.h">
			<Option target="wp43s" />
			<Option target="wp43s_debug" />
			<Option target="testSuite" />
		</Unit>
		<Unit filename="src/wp43s/mathematics/pcg_basic.c">
			<Option compilerVar="CC" />
			<Option target="wp43s" />
			<Option target="wp43s_debug" />
			<Option target="testSuite" />
		</Unit>
		<Unit filename="src/wp43s/mathematics/pcg_basic.h">
			<Option target="wp43s" />
			<Option target="wp43s_debug" />
			<Option target="testSuite" />
		</Unit>
		<Unit filename="src/wp43s/mathematics/percent.c">
			<Option compilerVar="CC" />
			<Option target="wp43s" />
			<Option target="wp43s_debug" />
			<Option target="testSuite" />
		</Unit>
		<Unit filename="src/wp43s/mathematics/percent.h">
			<Option target="wp43s" />
			<Option target="wp43s_debug" />
			<Option target="testSuite" />
		</Unit>
		<Unit filename="src/wp43s/mathematics/percentMRR.c">
			<Option compilerVar="CC" />
			<Option target="wp43s" />
			<Option target="wp43s_debug" />
			<Option target="testSuite" />
		</Unit>
		<Unit filename="src/wp43s/mathematics/percentMRR.h">
			<Option target="wp43s" />
			<Option target="wp43s_debug" />
			<Option target="testSuite" />
		</Unit>
		<Unit filename="src/wp43s/mathematics/percentPlusMG.c">
			<Option compilerVar="CC" />
			<Option target="wp43s" />
			<Option target="wp43s_debug" />
			<Option target="testSuite" />
		</Unit>
		<Unit filename="src/wp43s/mathematics/percentPlusMG.h">
			<Option target="wp43s" />
			<Option target="wp43s_debug" />
			<Option target="testSuite" />
		</Unit>
		<Unit filename="src/wp43s/mathematics/percentSigma.c">
			<Option compilerVar="CC" />
			<Option target="wp43s" />
			<Option target="wp43s_debug" />
			<Option target="testSuite" />
		</Unit>
		<Unit filename="src/wp43s/mathematics/percentSigma.h">
			<Option target="wp43s" />
			<Option target="wp43s_debug" />
			<Option target="testSuite" />
		</Unit>
		<Unit filename="src/wp43s/mathematics/percentT.c">
			<Option compilerVar="CC" />
			<Option target="wp43s" />
			<Option target="wp43s_debug" />
			<Option target="testSuite" />
		</Unit>
		<Unit filename="src/wp43s/mathematics/percentT.h">
			<Option target="wp43s" />
			<Option target="wp43s_debug" />
			<Option target="testSuite" />
		</Unit>
		<Unit filename="src/wp43s/mathematics/power.c">
			<Option compilerVar="CC" />
			<Option target="wp43s" />
			<Option target="wp43s_debug" />
			<Option target="testSuite" />
		</Unit>
		<Unit filename="src/wp43s/mathematics/power.h">
			<Option target="wp43s" />
			<Option target="wp43s_debug" />
			<Option target="testSuite" />
		</Unit>
		<Unit filename="src/wp43s/mathematics/prime.c">
			<Option compilerVar="CC" />
			<Option target="wp43s" />
			<Option target="wp43s_debug" />
			<Option target="testSuite" />
		</Unit>
		<Unit filename="src/wp43s/mathematics/prime.h">
			<Option target="wp43s" />
			<Option target="wp43s_debug" />
			<Option target="testSuite" />
		</Unit>
		<Unit filename="src/wp43s/mathematics/random.c">
			<Option compilerVar="CC" />
			<Option target="wp43s" />
			<Option target="wp43s_debug" />
			<Option target="testSuite" />
		</Unit>
		<Unit filename="src/wp43s/mathematics/random.h">
			<Option target="wp43s" />
			<Option target="wp43s_debug" />
			<Option target="testSuite" />
		</Unit>
		<Unit filename="src/wp43s/mathematics/rdp.c">
			<Option compilerVar="CC" />
			<Option target="wp43s" />
			<Option target="wp43s_debug" />
			<Option target="testSuite" />
		</Unit>
		<Unit filename="src/wp43s/mathematics/rdp.h">
			<Option target="wp43s" />
			<Option target="wp43s_debug" />
			<Option target="testSuite" />
		</Unit>
		<Unit filename="src/wp43s/mathematics/reToCx.c">
			<Option compilerVar="CC" />
			<Option target="wp43s" />
			<Option target="wp43s_debug" />
			<Option target="generateMenuFCNS" />
			<Option target="testSuite" />
		</Unit>
		<Unit filename="src/wp43s/mathematics/reToCx.h">
			<Option target="wp43s" />
			<Option target="wp43s_debug" />
			<Option target="generateMenuFCNS" />
			<Option target="testSuite" />
		</Unit>
		<Unit filename="src/wp43s/mathematics/realPart.c">
			<Option compilerVar="CC" />
			<Option target="wp43s" />
			<Option target="wp43s_debug" />
			<Option target="testSuite" />
		</Unit>
		<Unit filename="src/wp43s/mathematics/realPart.h">
			<Option target="wp43s" />
			<Option target="wp43s_debug" />
			<Option target="testSuite" />
		</Unit>
		<Unit filename="src/wp43s/mathematics/remainder.c">
			<Option compilerVar="CC" />
			<Option target="wp43s" />
			<Option target="wp43s_debug" />
			<Option target="testSuite" />
		</Unit>
		<Unit filename="src/wp43s/mathematics/remainder.h">
			<Option target="wp43s" />
			<Option target="wp43s_debug" />
			<Option target="testSuite" />
		</Unit>
		<Unit filename="src/wp43s/mathematics/round.c">
			<Option compilerVar="CC" />
			<Option target="wp43s" />
			<Option target="wp43s_debug" />
			<Option target="testSuite" />
		</Unit>
		<Unit filename="src/wp43s/mathematics/round.h">
			<Option target="wp43s" />
			<Option target="wp43s_debug" />
			<Option target="testSuite" />
		</Unit>
		<Unit filename="src/wp43s/mathematics/roundi.c">
			<Option compilerVar="CC" />
			<Option target="wp43s" />
			<Option target="wp43s_debug" />
			<Option target="testSuite" />
		</Unit>
		<Unit filename="src/wp43s/mathematics/roundi.h">
			<Option target="wp43s" />
			<Option target="wp43s_debug" />
			<Option target="testSuite" />
		</Unit>
		<Unit filename="src/wp43s/mathematics/rsd.c">
			<Option compilerVar="CC" />
			<Option target="wp43s" />
			<Option target="wp43s_debug" />
			<Option target="testSuite" />
		</Unit>
		<Unit filename="src/wp43s/mathematics/rsd.h">
			<Option target="wp43s" />
			<Option target="wp43s_debug" />
			<Option target="testSuite" />
		</Unit>
		<Unit filename="src/wp43s/mathematics/shiftDigits.c">
			<Option compilerVar="CC" />
			<Option target="wp43s" />
			<Option target="wp43s_debug" />
			<Option target="testSuite" />
		</Unit>
		<Unit filename="src/wp43s/mathematics/shiftDigits.h">
			<Option target="wp43s" />
			<Option target="wp43s_debug" />
			<Option target="testSuite" />
		</Unit>
		<Unit filename="src/wp43s/mathematics/sign.c">
			<Option compilerVar="CC" />
			<Option target="wp43s" />
			<Option target="wp43s_debug" />
			<Option target="testSuite" />
		</Unit>
		<Unit filename="src/wp43s/mathematics/sign.h">
			<Option target="wp43s" />
			<Option target="wp43s_debug" />
			<Option target="testSuite" />
		</Unit>
		<Unit filename="src/wp43s/mathematics/sin.c">
			<Option compilerVar="CC" />
			<Option target="wp43s" />
			<Option target="wp43s_debug" />
			<Option target="testSuite" />
		</Unit>
		<Unit filename="src/wp43s/mathematics/sin.h">
			<Option target="wp43s" />
			<Option target="wp43s_debug" />
			<Option target="testSuite" />
		</Unit>
		<Unit filename="src/wp43s/mathematics/sinc.c">
			<Option compilerVar="CC" />
			<Option target="wp43s" />
			<Option target="wp43s_debug" />
			<Option target="testSuite" />
		</Unit>
		<Unit filename="src/wp43s/mathematics/sinc.h">
			<Option target="wp43s" />
			<Option target="wp43s_debug" />
			<Option target="testSuite" />
		</Unit>
		<Unit filename="src/wp43s/mathematics/sincpi.c">
			<Option compilerVar="CC" />
			<Option target="wp43s" />
			<Option target="wp43s_debug" />
			<Option target="testSuite" />
		</Unit>
		<Unit filename="src/wp43s/mathematics/sincpi.h">
			<Option target="wp43s" />
			<Option target="wp43s_debug" />
			<Option target="testSuite" />
		</Unit>
		<Unit filename="src/wp43s/mathematics/sinh.c">
			<Option compilerVar="CC" />
			<Option target="wp43s" />
			<Option target="wp43s_debug" />
			<Option target="testSuite" />
		</Unit>
		<Unit filename="src/wp43s/mathematics/sinh.h">
			<Option target="wp43s" />
			<Option target="wp43s_debug" />
			<Option target="testSuite" />
		</Unit>
		<Unit filename="src/wp43s/mathematics/slvq.c">
			<Option compilerVar="CC" />
			<Option target="wp43s" />
			<Option target="wp43s_debug" />
			<Option target="testSuite" />
		</Unit>
		<Unit filename="src/wp43s/mathematics/slvq.h">
			<Option target="wp43s" />
			<Option target="wp43s_debug" />
			<Option target="testSuite" />
		</Unit>
		<Unit filename="src/wp43s/mathematics/square.c">
			<Option compilerVar="CC" />
			<Option target="wp43s" />
			<Option target="wp43s_debug" />
			<Option target="testSuite" />
		</Unit>
		<Unit filename="src/wp43s/mathematics/square.h">
			<Option target="wp43s" />
			<Option target="wp43s_debug" />
			<Option target="testSuite" />
		</Unit>
		<Unit filename="src/wp43s/mathematics/squareRoot.c">
			<Option compilerVar="CC" />
			<Option target="wp43s" />
			<Option target="wp43s_debug" />
			<Option target="testSuite" />
		</Unit>
		<Unit filename="src/wp43s/mathematics/squareRoot.h">
			<Option target="wp43s" />
			<Option target="wp43s_debug" />
			<Option target="testSuite" />
		</Unit>
		<Unit filename="src/wp43s/mathematics/subtraction.c">
			<Option compilerVar="CC" />
			<Option target="wp43s" />
			<Option target="wp43s_debug" />
			<Option target="testSuite" />
		</Unit>
		<Unit filename="src/wp43s/mathematics/subtraction.h">
			<Option target="wp43s" />
			<Option target="wp43s_debug" />
			<Option target="testSuite" />
		</Unit>
		<Unit filename="src/wp43s/mathematics/swapRealImaginary.c">
			<Option compilerVar="CC" />
			<Option target="wp43s" />
			<Option target="wp43s_debug" />
			<Option target="testSuite" />
		</Unit>
		<Unit filename="src/wp43s/mathematics/swapRealImaginary.h">
			<Option target="wp43s" />
			<Option target="wp43s_debug" />
			<Option target="testSuite" />
		</Unit>
		<Unit filename="src/wp43s/mathematics/tan.c">
			<Option compilerVar="CC" />
			<Option target="wp43s" />
			<Option target="wp43s_debug" />
			<Option target="testSuite" />
		</Unit>
		<Unit filename="src/wp43s/mathematics/tan.h">
			<Option target="wp43s" />
			<Option target="wp43s_debug" />
			<Option target="testSuite" />
		</Unit>
		<Unit filename="src/wp43s/mathematics/tanh.c">
			<Option compilerVar="CC" />
			<Option target="wp43s" />
			<Option target="wp43s_debug" />
			<Option target="testSuite" />
		</Unit>
		<Unit filename="src/wp43s/mathematics/tanh.h">
			<Option target="wp43s" />
			<Option target="wp43s_debug" />
			<Option target="testSuite" />
		</Unit>
		<Unit filename="src/wp43s/mathematics/toPolar.c">
			<Option compilerVar="CC" />
			<Option target="wp43s" />
			<Option target="wp43s_debug" />
			<Option target="testSuite" />
		</Unit>
		<Unit filename="src/wp43s/mathematics/toPolar.h">
			<Option target="wp43s" />
			<Option target="wp43s_debug" />
			<Option target="testSuite" />
		</Unit>
		<Unit filename="src/wp43s/mathematics/toRect.c">
			<Option compilerVar="CC" />
			<Option target="wp43s" />
			<Option target="wp43s_debug" />
			<Option target="testSuite" />
		</Unit>
		<Unit filename="src/wp43s/mathematics/toRect.h">
			<Option target="wp43s" />
			<Option target="wp43s_debug" />
			<Option target="testSuite" />
		</Unit>
		<Unit filename="src/wp43s/mathematics/ulp.c">
			<Option compilerVar="CC" />
			<Option target="wp43s" />
			<Option target="wp43s_debug" />
			<Option target="testSuite" />
		</Unit>
		<Unit filename="src/wp43s/mathematics/ulp.h">
			<Option target="wp43s" />
			<Option target="wp43s_debug" />
			<Option target="testSuite" />
		</Unit>
		<Unit filename="src/wp43s/mathematics/unitVector.c">
			<Option compilerVar="CC" />
			<Option target="wp43s" />
			<Option target="wp43s_debug" />
			<Option target="testSuite" />
		</Unit>
		<Unit filename="src/wp43s/mathematics/unitVector.h">
			<Option target="wp43s" />
			<Option target="wp43s_debug" />
			<Option target="testSuite" />
		</Unit>
		<Unit filename="src/wp43s/mathematics/variance.c">
			<Option compilerVar="CC" />
			<Option target="wp43s" />
			<Option target="wp43s_debug" />
			<Option target="testSuite" />
		</Unit>
		<Unit filename="src/wp43s/mathematics/variance.h">
			<Option target="wp43s" />
			<Option target="wp43s_debug" />
			<Option target="testSuite" />
		</Unit>
		<Unit filename="src/wp43s/mathematics/w_inverse.c">
			<Option compilerVar="CC" />
			<Option target="wp43s" />
			<Option target="wp43s_debug" />
			<Option target="testSuite" />
		</Unit>
		<Unit filename="src/wp43s/mathematics/w_inverse.h">
			<Option target="wp43s" />
			<Option target="wp43s_debug" />
			<Option target="testSuite" />
		</Unit>
		<Unit filename="src/wp43s/mathematics/w_negative.c">
			<Option compilerVar="CC" />
			<Option target="wp43s" />
			<Option target="wp43s_debug" />
			<Option target="testSuite" />
		</Unit>
		<Unit filename="src/wp43s/mathematics/w_negative.h">
			<Option target="wp43s" />
			<Option target="wp43s_debug" />
			<Option target="testSuite" />
		</Unit>
		<Unit filename="src/wp43s/mathematics/w_positive.c">
			<Option compilerVar="CC" />
			<Option target="wp43s" />
			<Option target="wp43s_debug" />
			<Option target="testSuite" />
		</Unit>
		<Unit filename="src/wp43s/mathematics/w_positive.h">
			<Option target="wp43s" />
			<Option target="wp43s_debug" />
			<Option target="testSuite" />
		</Unit>
		<Unit filename="src/wp43s/mathematics/wp34s.c">
			<Option compilerVar="CC" />
			<Option target="wp43s" />
			<Option target="wp43s_debug" />
			<Option target="testSuite" />
		</Unit>
		<Unit filename="src/wp43s/mathematics/wp34s.h">
			<Option target="wp43s" />
			<Option target="wp43s_debug" />
			<Option target="testSuite" />
		</Unit>
		<Unit filename="src/wp43s/mathematics/xthRoot.c">
			<Option compilerVar="CC" />
			<Option target="wp43s" />
			<Option target="wp43s_debug" />
			<Option target="testSuite" />
		</Unit>
		<Unit filename="src/wp43s/mathematics/xthRoot.h">
			<Option target="wp43s" />
			<Option target="wp43s_debug" />
			<Option target="testSuite" />
		</Unit>
		<Unit filename="src/wp43s/mathematics/zeta.c">
			<Option compilerVar="CC" />
			<Option target="wp43s" />
			<Option target="wp43s_debug" />
			<Option target="testSuite" />
		</Unit>
		<Unit filename="src/wp43s/mathematics/zeta.h">
			<Option target="wp43s" />
			<Option target="wp43s_debug" />
			<Option target="testSuite" />
		</Unit>
		<Unit filename="src/wp43s/memory.c">
			<Option compilerVar="CC" />
			<Option target="wp43s" />
			<Option target="wp43s_debug" />
			<Option target="testSuite" />
		</Unit>
		<Unit filename="src/wp43s/memory.h">
			<Option target="wp43s" />
			<Option target="wp43s_debug" />
			<Option target="testSuite" />
		</Unit>
		<Unit filename="src/wp43s/programming/decode.c">
			<Option compilerVar="CC" />
			<Option target="wp43s" />
			<Option target="wp43s_debug" />
			<Option target="testSuite" />
		</Unit>
		<Unit filename="src/wp43s/programming/decode.h">
			<Option target="wp43s" />
			<Option target="wp43s_debug" />
			<Option target="testSuite" />
		</Unit>
		<Unit filename="src/wp43s/programming/lblGtoXeq.c">
			<Option compilerVar="CC" />
			<Option target="wp43s" />
			<Option target="wp43s_debug" />
			<Option target="testSuite" />
		</Unit>
		<Unit filename="src/wp43s/programming/lblGtoXeq.h">
			<Option target="wp43s" />
			<Option target="wp43s_debug" />
			<Option target="testSuite" />
		</Unit>
		<Unit filename="src/wp43s/programming/manage.c">
			<Option compilerVar="CC" />
			<Option target="wp43s" />
			<Option target="wp43s_debug" />
			<Option target="testSuite" />
		</Unit>
		<Unit filename="src/wp43s/programming/manage.h">
			<Option target="wp43s" />
			<Option target="wp43s_debug" />
			<Option target="testSuite" />
		</Unit>
		<Unit filename="src/wp43s/programming/nextStep.c">
			<Option compilerVar="CC" />
			<Option target="wp43s" />
			<Option target="wp43s_debug" />
			<Option target="testSuite" />
		</Unit>
		<Unit filename="src/wp43s/programming/nextStep.h">
			<Option target="wp43s" />
			<Option target="wp43s_debug" />
			<Option target="testSuite" />
		</Unit>
		<Unit filename="src/wp43s/programming/programming.h">
			<Option target="wp43s" />
			<Option target="wp43s_debug" />
			<Option target="testSuite" />
		</Unit>
		<Unit filename="src/generated/rasterFontsData.c">
			<Option compilerVar="CC" />
			<Option target="wp43s" />
			<Option target="wp43s_debug" />
			<Option target="testTtf2RasterFonts" />
			<Option target="testSuite" />
			<Option target="generateCatalogs" />
		</Unit>
		<Unit filename="src/wp43s/recall.c">
			<Option compilerVar="CC" />
			<Option target="wp43s" />
			<Option target="wp43s_debug" />
			<Option target="testSuite" />
		</Unit>
		<Unit filename="src/wp43s/recall.h">
			<Option target="wp43s" />
			<Option target="wp43s_debug" />
			<Option target="testSuite" />
		</Unit>
		<Unit filename="src/wp43s/registerValueConversions.c">
			<Option compilerVar="CC" />
			<Option target="wp43s" />
			<Option target="wp43s_debug" />
			<Option target="testSuite" />
		</Unit>
		<Unit filename="src/wp43s/registerValueConversions.h">
			<Option target="wp43s" />
			<Option target="wp43s_debug" />
			<Option target="testSuite" />
		</Unit>
		<Unit filename="src/wp43s/registers.c">
			<Option compilerVar="CC" />
			<Option target="wp43s" />
			<Option target="wp43s_debug" />
			<Option target="testSuite" />
		</Unit>
		<Unit filename="src/wp43s/registers.h">
			<Option target="wp43s" />
			<Option target="wp43s_debug" />
			<Option target="testSuite" />
		</Unit>
		<Unit filename="src/wp43s/saveRestoreCalcState.c">
			<Option compilerVar="CC" />
			<Option target="wp43s" />
			<Option target="wp43s_debug" />
			<Option target="testSuite" />
		</Unit>
		<Unit filename="src/wp43s/saveRestoreCalcState.h">
			<Option target="wp43s" />
			<Option target="wp43s_debug" />
			<Option target="testSuite" />
		</Unit>
		<Unit filename="src/wp43s/screen.c">
			<Option compilerVar="CC" />
			<Option target="wp43s" />
			<Option target="wp43s_debug" />
			<Option target="testSuite" />
		</Unit>
		<Unit filename="src/wp43s/screen.h">
			<Option target="wp43s" />
			<Option target="wp43s_debug" />
			<Option target="testSuite" />
		</Unit>
		<Unit filename="src/generated/softmenuCatalogs.h">
			<Option target="wp43s" />
			<Option target="wp43s_debug" />
			<Option target="testSuite" />
		</Unit>
		<Unit filename="src/wp43s/softmenus.c">
			<Option compilerVar="CC" />
			<Option target="wp43s" />
			<Option target="wp43s_debug" />
			<Option target="testSuite" />
		</Unit>
		<Unit filename="src/wp43s/softmenus.h">
			<Option target="wp43s" />
			<Option target="wp43s_debug" />
			<Option target="testSuite" />
		</Unit>
		<Unit filename="src/wp43s/sort.c">
			<Option compilerVar="CC" />
			<Option target="wp43s" />
			<Option target="wp43s_debug" />
			<Option target="testSuite" />
			<Option target="generateCatalogs" />
		</Unit>
		<Unit filename="src/wp43s/sort.h">
			<Option target="wp43s" />
			<Option target="wp43s_debug" />
			<Option target="testSuite" />
			<Option target="generateCatalogs" />
		</Unit>
		<Unit filename="src/wp43s/stack.c">
			<Option compilerVar="CC" />
			<Option target="wp43s" />
			<Option target="wp43s_debug" />
			<Option target="testSuite" />
		</Unit>
		<Unit filename="src/wp43s/stack.h">
			<Option target="wp43s" />
			<Option target="wp43s_debug" />
			<Option target="testSuite" />
		</Unit>
		<Unit filename="src/wp43s/stats.c">
			<Option compilerVar="CC" />
			<Option target="wp43s" />
			<Option target="wp43s_debug" />
			<Option target="testSuite" />
		</Unit>
		<Unit filename="src/wp43s/stats.h">
			<Option target="wp43s" />
			<Option target="wp43s_debug" />
			<Option target="testSuite" />
		</Unit>
		<Unit filename="src/wp43s/plotstat.c">
			<Option compilerVar="CC" />
			<Option target="wp43s" />
			<Option target="wp43s_debug" />
			<Option target="testSuite" />
		</Unit>
		<Unit filename="src/wp43s/plotstat.h">
			<Option target="wp43s" />
			<Option target="wp43s_debug" />
			<Option target="testSuite" />
		</Unit>
		<Unit filename="src/wp43s/statusBar.c">
			<Option compilerVar="CC" />
			<Option target="wp43s" />
			<Option target="wp43s_debug" />
			<Option target="testSuite" />
		</Unit>
		<Unit filename="src/wp43s/statusBar.h">
			<Option target="wp43s" />
			<Option target="wp43s_debug" />
			<Option target="testSuite" />
		</Unit>
		<Unit filename="src/wp43s/store.c">
			<Option compilerVar="CC" />
			<Option target="wp43s" />
			<Option target="wp43s_debug" />
			<Option target="testSuite" />
		</Unit>
		<Unit filename="src/wp43s/store.h">
			<Option target="wp43s" />
			<Option target="wp43s_debug" />
			<Option target="testSuite" />
		</Unit>
		<Unit filename="src/wp43s/stringFuncs.c">
			<Option compilerVar="CC" />
			<Option target="wp43s" />
			<Option target="wp43s_debug" />
			<Option target="testSuite" />
		</Unit>
		<Unit filename="src/wp43s/stringFuncs.h">
			<Option target="wp43s" />
			<Option target="wp43s_debug" />
			<Option target="testSuite" />
		</Unit>
		<Unit filename="src/wp43s/timer.c">
			<Option compilerVar="CC" />
			<Option target="wp43s" />
			<Option target="wp43s_debug" />
			<Option target="testSuite" />
		</Unit>
		<Unit filename="src/wp43s/timer.h">
			<Option target="wp43s" />
			<Option target="wp43s_debug" />
			<Option target="testSuite" />
		</Unit>
		<Unit filename="src/wp43s/typeDefinitions.h">
			<Option target="wp43s" />
			<Option target="wp43s_debug" />
			<Option target="generateConstants" />
			<Option target="generateCatalogs" />
			<Option target="testSuite" />
		</Unit>
		<Unit filename="src/wp43s/ui/tam.c">
			<Option compilerVar="CC" />
			<Option target="wp43s" />
			<Option target="wp43s_debug" />
			<Option target="testSuite" />
		</Unit>
		<Unit filename="src/wp43s/ui/tam.h">
			<Option target="wp43s" />
			<Option target="wp43s_debug" />
			<Option target="testSuite" />
		</Unit>
		<Unit filename="src/generated/version.h">
			<Option target="wp43s" />
			<Option target="wp43s_debug" />
			<Option target="testSuite" />
		</Unit>
		<Unit filename="src/wp43s/wp43s.c">
			<Option compilerVar="CC" />
			<Option target="wp43s" />
			<Option target="wp43s_debug" />
			<Option target="testSuite" />
		</Unit>
		<Unit filename="src/wp43s/wp43s.h">
			<Option target="wp43s" />
			<Option target="wp43s_debug" />
			<Option target="testSuite" />
		</Unit>
		<Extensions>
			<DoxyBlocks>
				<comment_style block="4" line="2" />
				<doxyfile_project />
				<doxyfile_build extract_all="1" />
				<doxyfile_warnings />
				<doxyfile_output />
				<doxyfile_dot />
				<general />
			</DoxyBlocks>
		</Extensions>
	</Project>
</CodeBlocks_project_file>
