<?xml version="1.0" encoding="UTF-8" standalone="yes" ?>
<CodeBlocks_project_file>
	<FileVersion major="1" minor="6" />
	<Project>
		<Option title="wp43s" />
		<Option pch_mode="2" />
		<Option compiler="gcc" />
		<Build>
			<Target title="wp43s">
				<Option output="bin/Release/wp43s" prefix_auto="1" extension_auto="1" />
				<Option object_output="obj/Release/" />
				<Option type="1" />
				<Option compiler="gcc" />
				<Compiler>
					<Add option="-fomit-frame-pointer" />
					<Add option="-O2" />
				</Compiler>
				<Linker>
					<Add option="-s" />
					<Add option="`pkg-config gtk+-3.0 --libs`" />
				</Linker>
			</Target>
			<Target title="wp43s_debug">
				<Option output="bin/Debug/wp43s" prefix_auto="1" extension_auto="1" />
				<Option object_output="obj/Debug/" />
				<Option type="1" />
				<Option compiler="gcc" />
				<Compiler>
					<Add option="-g" />
				</Compiler>
				<Linker>
					<Add option="`pkg-config gtk+-3.0 --libs`" />
				</Linker>
			</Target>
			<Target title="generateConstants">
				<Option output="bin/Debug/generateConstants" prefix_auto="1" extension_auto="1" />
				<Option working_dir="/home/martin/Martin/developpement/codeblocks/applications/wp43s" />
				<Option object_output="obj/Debug/" />
				<Option type="1" />
				<Option compiler="gcc" />
				<Compiler>
					<Add option="-g" />
					<Add directory="src/wp43s" />
				</Compiler>
			</Target>
			<Target title="ttf2RasterFonts">
				<Option output="bin/Debug/ttf2RasterFonts" prefix_auto="1" extension_auto="1" />
				<Option working_dir="/home/martin/Martin/developpement/codeblocks/applications/wp43s" />
				<Option object_output="obj/Debug/" />
				<Option type="1" />
				<Option compiler="gcc" />
				<Compiler>
					<Add option="-g" />
					<Add option="`pkg-config --cflags freetype2`" />
				</Compiler>
				<Linker>
					<Add option="`pkg-config --libs freetype2`" />
				</Linker>
			</Target>
			<Target title="testTtf2RasterFonts">
				<Option output="bin/Debug/testTtf2RasterFonts" prefix_auto="1" extension_auto="1" />
				<Option working_dir="/home/martin/Martin/developpement/codeblocks/applications/wp43s" />
				<Option object_output="obj/Debug/" />
				<Option type="1" />
				<Option compiler="gcc" />
				<Compiler>
					<Add option="-g" />
					<Add directory="src/wp43s" />
				</Compiler>
			</Target>
		</Build>
		<VirtualTargets>
			<Add alias="All" targets="wp43s;wp43s_debug;testTtf2RasterFonts;ttf2RasterFonts;" />
		</VirtualTargets>
		<Compiler>
			<Add option="-march=nocona" />
			<Add option="-Wextra" />
			<Add option="-Wall" />
			<Add option="-std=c11" />
			<Add option="-m64" />
			<Add option="-funsigned-bitfields" />
			<Add option="-fshort-enums" />
			<Add option="`pkg-config gtk+-3.0 --cflags`" />
			<Add option="-DPC_BUILD" />
			<Add option="-DTFM_NO_ASM" />
			<Add directory="decNumberICU" />
			<Add directory="DMCP" />
		</Compiler>
		<Linker>
			<Add option="-m64" />
		</Linker>
		<Unit filename="COPYING">
			<Option target="&lt;{~None~}&gt;" />
		</Unit>
		<Unit filename="DMCP/dmcp.h">
			<Option target="wp43s" />
			<Option target="wp43s_debug" />
		</Unit>
		<Unit filename="DMCP/ff_ifc.h">
			<Option target="wp43s" />
			<Option target="wp43s_debug" />
		</Unit>
		<Unit filename="DMCP/lft_ifc.h">
			<Option target="wp43s" />
			<Option target="wp43s_debug" />
		</Unit>
		<Unit filename="DMCP/main.h">
			<Option target="wp43s" />
			<Option target="wp43s_debug" />
		</Unit>
		<Unit filename="README">
			<Option target="&lt;{~None~}&gt;" />
		</Unit>
		<Unit filename="decNumberICU/decContext.c">
			<Option compilerVar="CC" />
			<Option target="wp43s" />
			<Option target="wp43s_debug" />
			<Option target="generateConstants" />
		</Unit>
		<Unit filename="decNumberICU/decDouble.c">
			<Option compilerVar="CC" />
			<Option target="wp43s" />
			<Option target="wp43s_debug" />
			<Option target="generateConstants" />
		</Unit>
		<Unit filename="decNumberICU/decDouble.h">
			<Option target="wp43s" />
			<Option target="wp43s_debug" />
			<Option target="generateConstants" />
		</Unit>
		<Unit filename="decNumberICU/decNumber.c">
			<Option compilerVar="CC" />
			<Option target="wp43s" />
			<Option target="wp43s_debug" />
			<Option target="generateConstants" />
		</Unit>
		<Unit filename="decNumberICU/decNumber.h">
			<Option target="wp43s" />
			<Option target="wp43s_debug" />
			<Option target="generateConstants" />
		</Unit>
		<Unit filename="decNumberICU/decQuad.c">
			<Option compilerVar="CC" />
			<Option target="wp43s" />
			<Option target="wp43s_debug" />
			<Option target="generateConstants" />
		</Unit>
		<Unit filename="decNumberICU/decQuad.h">
			<Option target="wp43s" />
			<Option target="wp43s_debug" />
			<Option target="generateConstants" />
		</Unit>
		<Unit filename="decNumberICU/decimal128.c">
			<Option compilerVar="CC" />
			<Option target="wp43s" />
			<Option target="wp43s_debug" />
		</Unit>
		<Unit filename="decNumberICU/decimal128.h">
			<Option target="wp43s" />
			<Option target="wp43s_debug" />
			<Option target="generateConstants" />
		</Unit>
		<Unit filename="decNumberICU/decimal64.c">
			<Option compilerVar="CC" />
			<Option target="wp43s" />
			<Option target="wp43s_debug" />
		</Unit>
		<Unit filename="decNumberICU/decimal64.h">
			<Option target="wp43s" />
			<Option target="wp43s_debug" />
			<Option target="generateConstants" />
		</Unit>
		<Unit filename="fonts/Font changes.txt">
			<Option target="ttf2RasterFonts" />
		</Unit>
		<Unit filename="src/generateConstants/generateConstants.c">
			<Option compilerVar="CC" />
			<Option target="generateConstants" />
		</Unit>
		<Unit filename="src/ttf2RasterFonts/testTtf2RasterFonts.c">
			<Option compilerVar="CC" />
			<Option target="testTtf2RasterFonts" />
		</Unit>
		<Unit filename="src/ttf2RasterFonts/ttf2RasterFonts.c">
			<Option compilerVar="CC" />
			<Option target="ttf2RasterFonts" />
		</Unit>
		<Unit filename="src/wp43s/addition.c">
			<Option compilerVar="CC" />
			<Option target="wp43s" />
			<Option target="wp43s_debug" />
		</Unit>
		<Unit filename="src/wp43s/addition.h">
			<Option target="wp43s" />
			<Option target="wp43s_debug" />
		</Unit>
		<Unit filename="src/wp43s/arccos.c">
			<Option compilerVar="CC" />
			<Option target="wp43s" />
			<Option target="wp43s_debug" />
		</Unit>
		<Unit filename="src/wp43s/arccos.h">
			<Option target="wp43s" />
			<Option target="wp43s_debug" />
		</Unit>
		<Unit filename="src/wp43s/arcsin.c">
			<Option compilerVar="CC" />
			<Option target="wp43s" />
			<Option target="wp43s_debug" />
		</Unit>
		<Unit filename="src/wp43s/arcsin.h">
			<Option target="wp43s" />
			<Option target="wp43s_debug" />
		</Unit>
		<Unit filename="src/wp43s/arctan.c">
			<Option compilerVar="CC" />
			<Option target="wp43s" />
			<Option target="wp43s_debug" />
		</Unit>
		<Unit filename="src/wp43s/arctan.h">
			<Option target="wp43s" />
			<Option target="wp43s_debug" />
		</Unit>
		<Unit filename="src/wp43s/assign.c">
			<Option compilerVar="CC" />
			<Option target="wp43s" />
			<Option target="wp43s_debug" />
		</Unit>
		<Unit filename="src/wp43s/assign.h">
			<Option target="wp43s" />
			<Option target="wp43s_debug" />
		</Unit>
		<Unit filename="src/wp43s/bufferize.c">
			<Option compilerVar="CC" />
			<Option target="wp43s" />
			<Option target="wp43s_debug" />
		</Unit>
		<Unit filename="src/wp43s/bufferize.h">
			<Option target="wp43s" />
			<Option target="wp43s_debug" />
		</Unit>
		<Unit filename="src/wp43s/charString.c">
			<Option compilerVar="CC" />
			<Option target="wp43s" />
			<Option target="wp43s_debug" />
		</Unit>
		<Unit filename="src/wp43s/charString.h">
			<Option target="wp43s" />
			<Option target="wp43s_debug" />
		</Unit>
		<Unit filename="src/wp43s/complex.c">
			<Option compilerVar="CC" />
			<Option target="wp43s" />
			<Option target="wp43s_debug" />
		</Unit>
		<Unit filename="src/wp43s/complex.h">
			<Option target="wp43s" />
			<Option target="wp43s_debug" />
		</Unit>
		<Unit filename="src/wp43s/config.c">
			<Option compilerVar="CC" />
			<Option target="wp43s" />
			<Option target="wp43s_debug" />
		</Unit>
		<Unit filename="src/wp43s/config.h">
			<Option target="wp43s" />
			<Option target="wp43s_debug" />
		</Unit>
		<Unit filename="src/wp43s/constantPointers.c">
			<Option compilerVar="CC" />
			<Option target="wp43s" />
			<Option target="wp43s_debug" />
		</Unit>
		<Unit filename="src/wp43s/constantPointers.h">
			<Option target="wp43s" />
			<Option target="wp43s_debug" />
		</Unit>
		<Unit filename="src/wp43s/constants.c">
			<Option compilerVar="CC" />
			<Option target="wp43s" />
			<Option target="wp43s_debug" />
		</Unit>
		<Unit filename="src/wp43s/constants.h">
			<Option target="wp43s" />
			<Option target="wp43s_debug" />
		</Unit>
		<Unit filename="src/wp43s/conversions.c">
			<Option compilerVar="CC" />
			<Option target="wp43s" />
			<Option target="wp43s_debug" />
		</Unit>
		<Unit filename="src/wp43s/conversions.h">
			<Option target="wp43s" />
			<Option target="wp43s_debug" />
		</Unit>
		<Unit filename="src/wp43s/cos.c">
			<Option compilerVar="CC" />
			<Option target="wp43s" />
			<Option target="wp43s_debug" />
		</Unit>
		<Unit filename="src/wp43s/cos.h">
			<Option target="wp43s" />
			<Option target="wp43s_debug" />
		</Unit>
		<Unit filename="src/wp43s/curveFitting.c">
			<Option compilerVar="CC" />
			<Option target="wp43s" />
			<Option target="wp43s_debug" />
		</Unit>
		<Unit filename="src/wp43s/curveFitting.h">
			<Option target="wp43s" />
			<Option target="wp43s_debug" />
		</Unit>
		<Unit filename="src/wp43s/dateTime.c">
			<Option compilerVar="CC" />
			<Option target="wp43s" />
			<Option target="wp43s_debug" />
		</Unit>
		<Unit filename="src/wp43s/dateTime.h">
			<Option target="wp43s" />
			<Option target="wp43s_debug" />
		</Unit>
		<Unit filename="src/wp43s/debug.c">
			<Option compilerVar="CC" />
			<Option target="wp43s" />
			<Option target="wp43s_debug" />
		</Unit>
		<Unit filename="src/wp43s/debug.h">
			<Option target="wp43s" />
			<Option target="wp43s_debug" />
		</Unit>
		<Unit filename="src/wp43s/decNumberWrappers.h">
			<Option target="wp43s" />
			<Option target="wp43s_debug" />
			<Option target="generateConstants" />
		</Unit>
		<Unit filename="src/wp43s/display.c">
			<Option compilerVar="CC" />
			<Option target="wp43s" />
			<Option target="wp43s_debug" />
		</Unit>
		<Unit filename="src/wp43s/display.h">
			<Option target="wp43s" />
			<Option target="wp43s_debug" />
		</Unit>
		<Unit filename="src/wp43s/division.c">
			<Option compilerVar="CC" />
			<Option target="wp43s" />
			<Option target="wp43s_debug" />
		</Unit>
		<Unit filename="src/wp43s/division.h">
			<Option target="wp43s" />
			<Option target="wp43s_debug" />
		</Unit>
		<Unit filename="src/wp43s/error.c">
			<Option compilerVar="CC" />
			<Option target="wp43s" />
			<Option target="wp43s_debug" />
		</Unit>
		<Unit filename="src/wp43s/error.h">
			<Option target="wp43s" />
			<Option target="wp43s_debug" />
		</Unit>
		<Unit filename="src/wp43s/exp.c">
			<Option compilerVar="CC" />
			<Option target="wp43s" />
			<Option target="wp43s_debug" />
		</Unit>
		<Unit filename="src/wp43s/exp.h">
			<Option target="wp43s" />
			<Option target="wp43s_debug" />
		</Unit>
		<Unit filename="src/wp43s/flagBrowser.c">
			<Option compilerVar="CC" />
			<Option target="wp43s" />
			<Option target="wp43s_debug" />
		</Unit>
		<Unit filename="src/wp43s/flagBrowser.h">
			<Option target="wp43s" />
			<Option target="wp43s_debug" />
		</Unit>
		<Unit filename="src/wp43s/flags.c">
			<Option compilerVar="CC" />
			<Option target="wp43s" />
			<Option target="wp43s_debug" />
		</Unit>
		<Unit filename="src/wp43s/flags.h">
			<Option target="wp43s" />
			<Option target="wp43s_debug" />
		</Unit>
		<Unit filename="src/wp43s/fontBrowser.c">
			<Option compilerVar="CC" />
			<Option target="wp43s" />
			<Option target="wp43s_debug" />
		</Unit>
		<Unit filename="src/wp43s/fontBrowser.h">
			<Option target="wp43s" />
			<Option target="wp43s_debug" />
		</Unit>
		<Unit filename="src/wp43s/fonts.c">
			<Option compilerVar="CC" />
			<Option target="wp43s" />
			<Option target="wp43s_debug" />
		</Unit>
		<Unit filename="src/wp43s/fonts.h">
			<Option target="wp43s" />
			<Option target="wp43s_debug" />
		</Unit>
		<Unit filename="src/wp43s/fractions.c">
			<Option compilerVar="CC" />
			<Option target="wp43s" />
			<Option target="wp43s_debug" />
		</Unit>
		<Unit filename="src/wp43s/fractions.h">
			<Option target="wp43s" />
			<Option target="wp43s_debug" />
		</Unit>
		<Unit filename="src/wp43s/gcd.c">
			<Option compilerVar="CC" />
			<Option target="wp43s" />
			<Option target="wp43s_debug" />
		</Unit>
		<Unit filename="src/wp43s/gcd.h">
			<Option target="wp43s" />
			<Option target="wp43s_debug" />
		</Unit>
		<Unit filename="src/wp43s/gui.c">
			<Option compilerVar="CC" />
			<Option target="wp43s" />
			<Option target="wp43s_debug" />
		</Unit>
		<Unit filename="src/wp43s/gui.h">
			<Option target="wp43s" />
			<Option target="wp43s_debug" />
		</Unit>
		<Unit filename="src/wp43s/integers.c">
			<Option compilerVar="CC" />
			<Option target="wp43s" />
			<Option target="wp43s_debug" />
		</Unit>
		<Unit filename="src/wp43s/integers.h">
			<Option target="wp43s" />
			<Option target="wp43s_debug" />
		</Unit>
		<Unit filename="src/wp43s/items.c">
			<Option compilerVar="CC" />
			<Option target="wp43s" />
			<Option target="wp43s_debug" />
		</Unit>
		<Unit filename="src/wp43s/items.h">
			<Option target="wp43s" />
			<Option target="wp43s_debug" />
		</Unit>
		<Unit filename="src/wp43s/keyboard.c">
			<Option compilerVar="CC" />
			<Option target="wp43s" />
			<Option target="wp43s_debug" />
		</Unit>
		<Unit filename="src/wp43s/keyboard.h">
			<Option target="wp43s" />
			<Option target="wp43s_debug" />
		</Unit>
		<Unit filename="src/wp43s/lcm.c">
			<Option compilerVar="CC" />
			<Option target="wp43s" />
			<Option target="wp43s_debug" />
		</Unit>
		<Unit filename="src/wp43s/lcm.h">
			<Option target="wp43s" />
			<Option target="wp43s_debug" />
		</Unit>
		<Unit filename="src/wp43s/ln.c">
			<Option compilerVar="CC" />
			<Option target="wp43s" />
			<Option target="wp43s_debug" />
		</Unit>
		<Unit filename="src/wp43s/ln.h">
			<Option target="wp43s" />
			<Option target="wp43s_debug" />
		</Unit>
		<Unit filename="src/wp43s/log10.c">
			<Option compilerVar="CC" />
			<Option target="wp43s" />
			<Option target="wp43s_debug" />
		</Unit>
		<Unit filename="src/wp43s/log10.h">
			<Option target="wp43s" />
			<Option target="wp43s_debug" />
		</Unit>
		<Unit filename="src/wp43s/log2.c">
			<Option compilerVar="CC" />
			<Option target="wp43s" />
			<Option target="wp43s_debug" />
		</Unit>
		<Unit filename="src/wp43s/log2.h">
			<Option target="wp43s" />
			<Option target="wp43s_debug" />
		</Unit>
		<Unit filename="src/wp43s/mathematics.c">
			<Option compilerVar="CC" />
			<Option target="wp43s" />
			<Option target="wp43s_debug" />
		</Unit>
		<Unit filename="src/wp43s/mathematics.h">
			<Option target="wp43s" />
			<Option target="wp43s_debug" />
		</Unit>
		<Unit filename="src/wp43s/multiplication.c">
			<Option compilerVar="CC" />
			<Option target="wp43s" />
			<Option target="wp43s_debug" />
		</Unit>
		<Unit filename="src/wp43s/multiplication.h">
			<Option target="wp43s" />
			<Option target="wp43s_debug" />
		</Unit>
		<Unit filename="src/wp43s/power.c">
			<Option compilerVar="CC" />
			<Option target="wp43s" />
			<Option target="wp43s_debug" />
		</Unit>
		<Unit filename="src/wp43s/power.h">
			<Option target="wp43s" />
			<Option target="wp43s_debug" />
		</Unit>
		<Unit filename="src/wp43s/rasterFontsData.c">
			<Option compilerVar="CC" />
			<Option target="wp43s" />
			<Option target="wp43s_debug" />
			<Option target="testTtf2RasterFonts" />
		</Unit>
		<Unit filename="src/wp43s/rasterFontsTypes.h">
			<Option target="wp43s" />
			<Option target="wp43s_debug" />
		</Unit>
		<Unit filename="src/wp43s/registerBrowser.c">
			<Option compilerVar="CC" />
			<Option target="wp43s" />
			<Option target="wp43s_debug" />
		</Unit>
		<Unit filename="src/wp43s/registerBrowser.h">
			<Option target="wp43s" />
			<Option target="wp43s_debug" />
		</Unit>
		<Unit filename="src/wp43s/registerValueConversions.c">
			<Option compilerVar="CC" />
			<Option target="wp43s" />
			<Option target="wp43s_debug" />
		</Unit>
		<Unit filename="src/wp43s/registerValueConversions.h">
			<Option target="wp43s" />
			<Option target="wp43s_debug" />
		</Unit>
		<Unit filename="src/wp43s/registers.c">
			<Option compilerVar="CC" />
			<Option target="wp43s" />
			<Option target="wp43s_debug" />
		</Unit>
		<Unit filename="src/wp43s/registers.h">
			<Option target="wp43s" />
			<Option target="wp43s_debug" />
		</Unit>
		<Unit filename="src/wp43s/screen.c">
			<Option compilerVar="CC" />
			<Option target="wp43s" />
			<Option target="wp43s_debug" />
		</Unit>
		<Unit filename="src/wp43s/screen.h">
			<Option target="wp43s" />
			<Option target="wp43s_debug" />
		</Unit>
		<Unit filename="src/wp43s/sin.c">
			<Option compilerVar="CC" />
			<Option target="wp43s" />
			<Option target="wp43s_debug" />
		</Unit>
		<Unit filename="src/wp43s/sin.h">
			<Option target="wp43s" />
			<Option target="wp43s_debug" />
		</Unit>
		<Unit filename="src/wp43s/softkeys.h">
			<Option target="wp43s" />
			<Option target="wp43s_debug" />
		</Unit>
		<Unit filename="src/wp43s/softmenus.c">
			<Option compilerVar="CC" />
			<Option target="wp43s" />
			<Option target="wp43s_debug" />
		</Unit>
		<Unit filename="src/wp43s/softmenus.h">
			<Option target="wp43s" />
			<Option target="wp43s_debug" />
		</Unit>
		<Unit filename="src/wp43s/sort.c">
			<Option compilerVar="CC" />
			<Option target="wp43s" />
			<Option target="wp43s_debug" />
		</Unit>
		<Unit filename="src/wp43s/sort.h">
			<Option target="wp43s" />
			<Option target="wp43s_debug" />
		</Unit>
		<Unit filename="src/wp43s/stack.c">
			<Option compilerVar="CC" />
			<Option target="wp43s" />
			<Option target="wp43s_debug" />
		</Unit>
		<Unit filename="src/wp43s/stack.h">
			<Option target="wp43s" />
			<Option target="wp43s_debug" />
		</Unit>
		<Unit filename="src/wp43s/stats.c">
			<Option compilerVar="CC" />
			<Option target="wp43s" />
			<Option target="wp43s_debug" />
		</Unit>
		<Unit filename="src/wp43s/stats.h">
			<Option target="wp43s" />
			<Option target="wp43s_debug" />
		</Unit>
		<Unit filename="src/wp43s/statusBar.c">
			<Option compilerVar="CC" />
			<Option target="wp43s" />
			<Option target="wp43s_debug" />
		</Unit>
		<Unit filename="src/wp43s/statusBar.h">
			<Option target="wp43s" />
			<Option target="wp43s_debug" />
		</Unit>
		<Unit filename="src/wp43s/subtraction.c">
			<Option compilerVar="CC" />
			<Option target="wp43s" />
			<Option target="wp43s_debug" />
		</Unit>
		<Unit filename="src/wp43s/subtraction.h">
			<Option target="wp43s" />
			<Option target="wp43s_debug" />
		</Unit>
		<Unit filename="src/wp43s/tan.c">
			<Option compilerVar="CC" />
			<Option target="wp43s" />
			<Option target="wp43s_debug" />
		</Unit>
		<Unit filename="src/wp43s/tan.h">
			<Option target="wp43s" />
			<Option target="wp43s_debug" />
		</Unit>
		<Unit filename="src/wp43s/testFunctions.c">
			<Option compilerVar="CC" />
			<Option target="wp43s" />
			<Option target="wp43s_debug" />
		</Unit>
		<Unit filename="src/wp43s/testFunctions.h">
			<Option target="wp43s" />
			<Option target="wp43s_debug" />
		</Unit>
		<Unit filename="src/wp43s/tfm.h">
			<Option target="wp43s" />
			<Option target="wp43s_debug" />
		</Unit>
		<Unit filename="src/wp43s/tfm_private.h">
			<Option target="wp43s" />
			<Option target="wp43s_debug" />
		</Unit>
		<Unit filename="src/wp43s/timer.c">
			<Option compilerVar="CC" />
			<Option target="wp43s" />
			<Option target="wp43s_debug" />
		</Unit>
		<Unit filename="src/wp43s/timer.h">
			<Option target="wp43s" />
			<Option target="wp43s_debug" />
		</Unit>
		<Unit filename="src/wp43s/tomsFastMathWrappers.h">
			<Option target="wp43s" />
			<Option target="wp43s_debug" />
		</Unit>
		<Unit filename="src/wp43s/tomsfastmath.c">
			<Option compilerVar="CC" />
			<Option target="wp43s" />
			<Option target="wp43s_debug" />
		</Unit>
		<Unit filename="src/wp43s/wp34s.c">
			<Option compilerVar="CC" />
			<Option target="wp43s" />
			<Option target="wp43s_debug" />
		</Unit>
		<Unit filename="src/wp43s/wp34s.h">
			<Option target="wp43s" />
			<Option target="wp43s_debug" />
		</Unit>
		<Unit filename="src/wp43s/wp43s.c">
			<Option compilerVar="CC" />
			<Option target="wp43s" />
			<Option target="wp43s_debug" />
		</Unit>
		<Unit filename="src/wp43s/wp43s.h">
			<Option target="wp43s" />
			<Option target="wp43s_debug" />
		</Unit>
		<Unit filename="wp43s_pre.css">
			<Option target="wp43s" />
		</Unit>
		<Extensions>
			<code_completion />
			<debugger />
			<envvars />
			<DoxyBlocks>
				<comment_style block="4" line="2" />
				<doxyfile_project />
				<doxyfile_build extract_all="1" />
				<doxyfile_warnings />
				<doxyfile_output />
				<doxyfile_dot />
				<general />
			</DoxyBlocks>
		</Extensions>
	</Project>
</CodeBlocks_project_file>
